// !$*UTF8*$!
{
	archiveVersion = 1;
	classes = {
	};
	objectVersion = 46;
	objects = {

/* Begin PBXBuildFile section */
		1CBB172B18CEC05500832030 /* GTMNSString+HTML.m in Sources */ = {isa = PBXBuildFile; fileRef = 1CBB172A18CEC05500832030 /* GTMNSString+HTML.m */; };
		5CB0838F18AC08F300F36036 /* SFHFKeychainUtils.m in Sources */ = {isa = PBXBuildFile; fileRef = 5CB0838D18AC08F300F36036 /* SFHFKeychainUtils.m */; };
		5CB0839218AC1B2B00F36036 /* PasswordHandler.m in Sources */ = {isa = PBXBuildFile; fileRef = 5CB0839118AC1B2B00F36036 /* PasswordHandler.m */; };
		EF5CAC341890774200E6F164 /* Foundation.framework in Frameworks */ = {isa = PBXBuildFile; fileRef = EF5CAC331890774200E6F164 /* Foundation.framework */; };
		EF5CAC361890774200E6F164 /* CoreGraphics.framework in Frameworks */ = {isa = PBXBuildFile; fileRef = EF5CAC351890774200E6F164 /* CoreGraphics.framework */; };
		EF5CAC381890774200E6F164 /* UIKit.framework in Frameworks */ = {isa = PBXBuildFile; fileRef = EF5CAC371890774200E6F164 /* UIKit.framework */; };
		EF5CAC3E1890774200E6F164 /* InfoPlist.strings in Resources */ = {isa = PBXBuildFile; fileRef = EF5CAC3C1890774200E6F164 /* InfoPlist.strings */; };
		EF5CAC401890774200E6F164 /* main.m in Sources */ = {isa = PBXBuildFile; fileRef = EF5CAC3F1890774200E6F164 /* main.m */; };
		EF5CAC441890774200E6F164 /* AppDelegate.m in Sources */ = {isa = PBXBuildFile; fileRef = EF5CAC431890774200E6F164 /* AppDelegate.m */; };
		EF5CAC471890774200E6F164 /* Main.storyboard in Resources */ = {isa = PBXBuildFile; fileRef = EF5CAC451890774200E6F164 /* Main.storyboard */; };
		EF5CAC4C1890774200E6F164 /* Images.xcassets in Resources */ = {isa = PBXBuildFile; fileRef = EF5CAC4B1890774200E6F164 /* Images.xcassets */; };
		EF5CAC531890774300E6F164 /* XCTest.framework in Frameworks */ = {isa = PBXBuildFile; fileRef = EF5CAC521890774200E6F164 /* XCTest.framework */; };
		EF5CAC541890774300E6F164 /* Foundation.framework in Frameworks */ = {isa = PBXBuildFile; fileRef = EF5CAC331890774200E6F164 /* Foundation.framework */; };
		EF5CAC551890774300E6F164 /* UIKit.framework in Frameworks */ = {isa = PBXBuildFile; fileRef = EF5CAC371890774200E6F164 /* UIKit.framework */; };
		EF5CAC5D1890774300E6F164 /* InfoPlist.strings in Resources */ = {isa = PBXBuildFile; fileRef = EF5CAC5B1890774300E6F164 /* InfoPlist.strings */; };
		EF5CAC5F1890774300E6F164 /* OPALAppTests.m in Sources */ = {isa = PBXBuildFile; fileRef = EF5CAC5E1890774300E6F164 /* OPALAppTests.m */; };
		EF5CAC9C1890AF2700E6F164 /* UIColor+FlatUI.m in Sources */ = {isa = PBXBuildFile; fileRef = EF5CAC7F1890AF2700E6F164 /* UIColor+FlatUI.m */; };
		EF5CACAF1890AFE500E6F164 /* BaseTheme.m in Sources */ = {isa = PBXBuildFile; fileRef = EF5CACAA1890AFE500E6F164 /* BaseTheme.m */; };
		EF5CACB01890AFE500E6F164 /* ThemeFactory.m in Sources */ = {isa = PBXBuildFile; fileRef = EF5CACAC1890AFE500E6F164 /* ThemeFactory.m */; };
		EF5CACB41890B07A00E6F164 /* Defaults.plist in Resources */ = {isa = PBXBuildFile; fileRef = EF5CACB31890B07A00E6F164 /* Defaults.plist */; };
		EF5CACB81890B5C600E6F164 /* DefaultTheme.m in Sources */ = {isa = PBXBuildFile; fileRef = EF5CACB71890B5C600E6F164 /* DefaultTheme.m */; };
		EF5CACBB1890B6AD00E6F164 /* NotificationViewController.m in Sources */ = {isa = PBXBuildFile; fileRef = EF5CACBA1890B6AD00E6F164 /* NotificationViewController.m */; };
		EF5CACBE1890B6B900E6F164 /* WayfinderViewController.m in Sources */ = {isa = PBXBuildFile; fileRef = EF5CACBD1890B6B900E6F164 /* WayfinderViewController.m */; };
		EFE7B77218AD67F00065A731 /* FUIAlertView.m in Sources */ = {isa = PBXBuildFile; fileRef = EFE7B74F18AD67F00065A731 /* FUIAlertView.m */; };
		EFE7B77318AD67F00065A731 /* FUIButton.m in Sources */ = {isa = PBXBuildFile; fileRef = EFE7B75118AD67F00065A731 /* FUIButton.m */; };
		EFE7B77418AD67F00065A731 /* FUICellBackgroundView.m in Sources */ = {isa = PBXBuildFile; fileRef = EFE7B75318AD67F00065A731 /* FUICellBackgroundView.m */; };
		EFE7B77518AD67F00065A731 /* FUIPopoverBackgroundView.m in Sources */ = {isa = PBXBuildFile; fileRef = EFE7B75518AD67F00065A731 /* FUIPopoverBackgroundView.m */; };
		EFE7B77618AD67F00065A731 /* FUISegmentedControl.m in Sources */ = {isa = PBXBuildFile; fileRef = EFE7B75718AD67F00065A731 /* FUISegmentedControl.m */; };
		EFE7B77718AD67F00065A731 /* FUISwitch.m in Sources */ = {isa = PBXBuildFile; fileRef = EFE7B75918AD67F00065A731 /* FUISwitch.m */; };
		EFE7B77818AD67F00065A731 /* FUITextField.m in Sources */ = {isa = PBXBuildFile; fileRef = EFE7B75B18AD67F00065A731 /* FUITextField.m */; };
		EFE7B77918AD67F00065A731 /* UIBarButtonItem+FlatUI.m in Sources */ = {isa = PBXBuildFile; fileRef = EFE7B75D18AD67F00065A731 /* UIBarButtonItem+FlatUI.m */; };
		EFE7B77A18AD67F00065A731 /* UIFont+FlatUI.m in Sources */ = {isa = PBXBuildFile; fileRef = EFE7B75F18AD67F00065A731 /* UIFont+FlatUI.m */; };
		EFE7B77B18AD67F00065A731 /* UIImage+FlatUI.m in Sources */ = {isa = PBXBuildFile; fileRef = EFE7B76118AD67F00065A731 /* UIImage+FlatUI.m */; };
		EFE7B77C18AD67F00065A731 /* UINavigationBar+FlatUI.m in Sources */ = {isa = PBXBuildFile; fileRef = EFE7B76318AD67F00065A731 /* UINavigationBar+FlatUI.m */; };
		EFE7B77D18AD67F00065A731 /* UIPopoverController+FlatUI.m in Sources */ = {isa = PBXBuildFile; fileRef = EFE7B76518AD67F00065A731 /* UIPopoverController+FlatUI.m */; };
		EFE7B77E18AD67F00065A731 /* UIProgressView+FlatUI.m in Sources */ = {isa = PBXBuildFile; fileRef = EFE7B76718AD67F00065A731 /* UIProgressView+FlatUI.m */; };
		EFE7B77F18AD67F00065A731 /* UISlider+FlatUI.m in Sources */ = {isa = PBXBuildFile; fileRef = EFE7B76918AD67F00065A731 /* UISlider+FlatUI.m */; };
		EFE7B78018AD67F00065A731 /* UIStepper+FlatUI.m in Sources */ = {isa = PBXBuildFile; fileRef = EFE7B76B18AD67F00065A731 /* UIStepper+FlatUI.m */; };
		EFE7B78118AD67F00065A731 /* UITabBar+FlatUI.m in Sources */ = {isa = PBXBuildFile; fileRef = EFE7B76D18AD67F00065A731 /* UITabBar+FlatUI.m */; };
		EFE7B78218AD67F00065A731 /* UITableViewCell+FlatUI.m in Sources */ = {isa = PBXBuildFile; fileRef = EFE7B76F18AD67F00065A731 /* UITableViewCell+FlatUI.m */; };
		EFE7B78318AD67F00065A731 /* UIToolbar+FlatUI.m in Sources */ = {isa = PBXBuildFile; fileRef = EFE7B77118AD67F00065A731 /* UIToolbar+FlatUI.m */; };
		EFFE3BDA1891DFE700E88371 /* TriageViewController.m in Sources */ = {isa = PBXBuildFile; fileRef = EFFE3BD91891DFE700E88371 /* TriageViewController.m */; };
/* End PBXBuildFile section */

/* Begin PBXContainerItemProxy section */
		1CBB171B18CEBBF100832030 /* PBXContainerItemProxy */ = {
			isa = PBXContainerItemProxy;
			containerPortal = 1CBB170418CEBBF000832030 /* iPhone.xcodeproj */;
			proxyType = 2;
			remoteGlobalIDString = 1D6058910D05DD3D006BFB54;
			remoteInfo = iPhone;
		};
		1CBB171D18CEBBF100832030 /* PBXContainerItemProxy */ = {
			isa = PBXContainerItemProxy;
			containerPortal = 1CBB170418CEBBF000832030 /* iPhone.xcodeproj */;
			proxyType = 2;
			remoteGlobalIDString = B55B60C70F765BB00064029C;
			remoteInfo = Tests;
		};
		1CBB171F18CEBBF100832030 /* PBXContainerItemProxy */ = {
			isa = PBXContainerItemProxy;
			containerPortal = 1CBB170418CEBBF000832030 /* iPhone.xcodeproj */;
			proxyType = 2;
			remoteGlobalIDString = B576D72311C7F34D0059B815;
			remoteInfo = iPad;
		};
		1CBB172318CEBBF100832030 /* PBXContainerItemProxy */ = {
			isa = PBXContainerItemProxy;
			containerPortal = 1CBB171318CEBBF000832030 /* Mac.xcodeproj */;
			proxyType = 2;
			remoteGlobalIDString = 8D1107320486CEB800E47090;
			remoteInfo = Mac;
		};
		1CBB172518CEBBF100832030 /* PBXContainerItemProxy */ = {
			isa = PBXContainerItemProxy;
			containerPortal = 1CBB171318CEBBF000832030 /* Mac.xcodeproj */;
			proxyType = 2;
			remoteGlobalIDString = B55B5EDF0F7658C70064029C;
			remoteInfo = "Unit Tests (GHUnit)";
		};
		EF5CAC561890774300E6F164 /* PBXContainerItemProxy */ = {
			isa = PBXContainerItemProxy;
			containerPortal = EF5CAC281890774200E6F164 /* Project object */;
			proxyType = 1;
			remoteGlobalIDString = EF5CAC2F1890774200E6F164;
			remoteInfo = OPALApp;
		};
/* End PBXContainerItemProxy section */

/* Begin PBXFileReference section */
		1CBB167618CEBBD800832030 /* CHANGELOG.md */ = {isa = PBXFileReference; lastKnownFileType = text; path = CHANGELOG.md; sourceTree = "<group>"; };
		1CBB167718CEBBD800832030 /* JSONKit.h */ = {isa = PBXFileReference; lastKnownFileType = sourcecode.c.h; path = JSONKit.h; sourceTree = "<group>"; };
		1CBB167818CEBBD800832030 /* JSONKit.m */ = {isa = PBXFileReference; lastKnownFileType = sourcecode.c.objc; path = JSONKit.m; sourceTree = "<group>"; };
		1CBB167918CEBBD800832030 /* README.md */ = {isa = PBXFileReference; lastKnownFileType = text; path = README.md; sourceTree = "<group>"; };
		1CBB167B18CEBBEF00832030 /* .gitattributes */ = {isa = PBXFileReference; lastKnownFileType = text; path = .gitattributes; sourceTree = "<group>"; };
		1CBB167C18CEBBEF00832030 /* .gitignore */ = {isa = PBXFileReference; lastKnownFileType = text; path = .gitignore; sourceTree = "<group>"; };
		1CBB167E18CEBBEF00832030 /* fetch_ios_ghunit.rb */ = {isa = PBXFileReference; lastKnownFileType = text.script.ruby; path = fetch_ios_ghunit.rb; sourceTree = "<group>"; };
		1CBB167F18CEBBEF00832030 /* fetch_mac_ghunit.rb */ = {isa = PBXFileReference; lastKnownFileType = text.script.ruby; path = fetch_mac_ghunit.rb; sourceTree = "<group>"; };
		1CBB168018CEBBEF00832030 /* set_version_number.rb */ = {isa = PBXFileReference; lastKnownFileType = text.script.ruby; path = set_version_number.rb; sourceTree = "<group>"; };
		1CBB168218CEBBEF00832030 /* ASIAuthenticationDialog.h */ = {isa = PBXFileReference; lastKnownFileType = sourcecode.c.h; path = ASIAuthenticationDialog.h; sourceTree = "<group>"; };
		1CBB168318CEBBEF00832030 /* ASIAuthenticationDialog.m */ = {isa = PBXFileReference; lastKnownFileType = sourcecode.c.objc; path = ASIAuthenticationDialog.m; sourceTree = "<group>"; };
		1CBB168418CEBBEF00832030 /* ASICacheDelegate.h */ = {isa = PBXFileReference; lastKnownFileType = sourcecode.c.h; path = ASICacheDelegate.h; sourceTree = "<group>"; };
		1CBB168518CEBBEF00832030 /* ASIDataCompressor.h */ = {isa = PBXFileReference; lastKnownFileType = sourcecode.c.h; path = ASIDataCompressor.h; sourceTree = "<group>"; };
		1CBB168618CEBBEF00832030 /* ASIDataCompressor.m */ = {isa = PBXFileReference; lastKnownFileType = sourcecode.c.objc; path = ASIDataCompressor.m; sourceTree = "<group>"; };
		1CBB168718CEBBEF00832030 /* ASIDataDecompressor.h */ = {isa = PBXFileReference; lastKnownFileType = sourcecode.c.h; path = ASIDataDecompressor.h; sourceTree = "<group>"; };
		1CBB168818CEBBEF00832030 /* ASIDataDecompressor.m */ = {isa = PBXFileReference; lastKnownFileType = sourcecode.c.objc; path = ASIDataDecompressor.m; sourceTree = "<group>"; };
		1CBB168918CEBBEF00832030 /* ASIDownloadCache.h */ = {isa = PBXFileReference; lastKnownFileType = sourcecode.c.h; path = ASIDownloadCache.h; sourceTree = "<group>"; };
		1CBB168A18CEBBEF00832030 /* ASIDownloadCache.m */ = {isa = PBXFileReference; lastKnownFileType = sourcecode.c.objc; path = ASIDownloadCache.m; sourceTree = "<group>"; };
		1CBB168B18CEBBEF00832030 /* ASIFormDataRequest.h */ = {isa = PBXFileReference; lastKnownFileType = sourcecode.c.h; path = ASIFormDataRequest.h; sourceTree = "<group>"; };
		1CBB168C18CEBBEF00832030 /* ASIFormDataRequest.m */ = {isa = PBXFileReference; lastKnownFileType = sourcecode.c.objc; path = ASIFormDataRequest.m; sourceTree = "<group>"; };
		1CBB168D18CEBBEF00832030 /* ASIHTTPRequest.h */ = {isa = PBXFileReference; lastKnownFileType = sourcecode.c.h; path = ASIHTTPRequest.h; sourceTree = "<group>"; };
		1CBB168E18CEBBEF00832030 /* ASIHTTPRequest.m */ = {isa = PBXFileReference; lastKnownFileType = sourcecode.c.objc; path = ASIHTTPRequest.m; sourceTree = "<group>"; };
		1CBB168F18CEBBEF00832030 /* ASIHTTPRequestConfig.h */ = {isa = PBXFileReference; lastKnownFileType = sourcecode.c.h; path = ASIHTTPRequestConfig.h; sourceTree = "<group>"; };
		1CBB169018CEBBEF00832030 /* ASIHTTPRequestDelegate.h */ = {isa = PBXFileReference; lastKnownFileType = sourcecode.c.h; path = ASIHTTPRequestDelegate.h; sourceTree = "<group>"; };
		1CBB169118CEBBF000832030 /* ASIInputStream.h */ = {isa = PBXFileReference; lastKnownFileType = sourcecode.c.h; path = ASIInputStream.h; sourceTree = "<group>"; };
		1CBB169218CEBBF000832030 /* ASIInputStream.m */ = {isa = PBXFileReference; lastKnownFileType = sourcecode.c.objc; path = ASIInputStream.m; sourceTree = "<group>"; };
		1CBB169318CEBBF000832030 /* ASINetworkQueue.h */ = {isa = PBXFileReference; lastKnownFileType = sourcecode.c.h; path = ASINetworkQueue.h; sourceTree = "<group>"; };
		1CBB169418CEBBF000832030 /* ASINetworkQueue.m */ = {isa = PBXFileReference; lastKnownFileType = sourcecode.c.objc; path = ASINetworkQueue.m; sourceTree = "<group>"; };
		1CBB169518CEBBF000832030 /* ASIProgressDelegate.h */ = {isa = PBXFileReference; lastKnownFileType = sourcecode.c.h; path = ASIProgressDelegate.h; sourceTree = "<group>"; };
		1CBB169718CEBBF000832030 /* ASIWebPageRequest.h */ = {isa = PBXFileReference; lastKnownFileType = sourcecode.c.h; path = ASIWebPageRequest.h; sourceTree = "<group>"; };
		1CBB169818CEBBF000832030 /* ASIWebPageRequest.m */ = {isa = PBXFileReference; lastKnownFileType = sourcecode.c.objc; path = ASIWebPageRequest.m; sourceTree = "<group>"; };
		1CBB169A18CEBBF000832030 /* ASICloudFilesCDNRequest.h */ = {isa = PBXFileReference; lastKnownFileType = sourcecode.c.h; path = ASICloudFilesCDNRequest.h; sourceTree = "<group>"; };
		1CBB169B18CEBBF000832030 /* ASICloudFilesCDNRequest.m */ = {isa = PBXFileReference; lastKnownFileType = sourcecode.c.objc; path = ASICloudFilesCDNRequest.m; sourceTree = "<group>"; };
		1CBB169C18CEBBF000832030 /* ASICloudFilesContainer.h */ = {isa = PBXFileReference; lastKnownFileType = sourcecode.c.h; path = ASICloudFilesContainer.h; sourceTree = "<group>"; };
		1CBB169D18CEBBF000832030 /* ASICloudFilesContainer.m */ = {isa = PBXFileReference; lastKnownFileType = sourcecode.c.objc; path = ASICloudFilesContainer.m; sourceTree = "<group>"; };
		1CBB169E18CEBBF000832030 /* ASICloudFilesContainerRequest.h */ = {isa = PBXFileReference; lastKnownFileType = sourcecode.c.h; path = ASICloudFilesContainerRequest.h; sourceTree = "<group>"; };
		1CBB169F18CEBBF000832030 /* ASICloudFilesContainerRequest.m */ = {isa = PBXFileReference; lastKnownFileType = sourcecode.c.objc; path = ASICloudFilesContainerRequest.m; sourceTree = "<group>"; };
		1CBB16A018CEBBF000832030 /* ASICloudFilesContainerXMLParserDelegate.h */ = {isa = PBXFileReference; lastKnownFileType = sourcecode.c.h; path = ASICloudFilesContainerXMLParserDelegate.h; sourceTree = "<group>"; };
		1CBB16A118CEBBF000832030 /* ASICloudFilesContainerXMLParserDelegate.m */ = {isa = PBXFileReference; lastKnownFileType = sourcecode.c.objc; path = ASICloudFilesContainerXMLParserDelegate.m; sourceTree = "<group>"; };
		1CBB16A218CEBBF000832030 /* ASICloudFilesObject.h */ = {isa = PBXFileReference; lastKnownFileType = sourcecode.c.h; path = ASICloudFilesObject.h; sourceTree = "<group>"; };
		1CBB16A318CEBBF000832030 /* ASICloudFilesObject.m */ = {isa = PBXFileReference; lastKnownFileType = sourcecode.c.objc; path = ASICloudFilesObject.m; sourceTree = "<group>"; };
		1CBB16A418CEBBF000832030 /* ASICloudFilesObjectRequest.h */ = {isa = PBXFileReference; lastKnownFileType = sourcecode.c.h; path = ASICloudFilesObjectRequest.h; sourceTree = "<group>"; };
		1CBB16A518CEBBF000832030 /* ASICloudFilesObjectRequest.m */ = {isa = PBXFileReference; lastKnownFileType = sourcecode.c.objc; path = ASICloudFilesObjectRequest.m; sourceTree = "<group>"; };
		1CBB16A618CEBBF000832030 /* ASICloudFilesRequest.h */ = {isa = PBXFileReference; lastKnownFileType = sourcecode.c.h; path = ASICloudFilesRequest.h; sourceTree = "<group>"; };
		1CBB16A718CEBBF000832030 /* ASICloudFilesRequest.m */ = {isa = PBXFileReference; lastKnownFileType = sourcecode.c.objc; path = ASICloudFilesRequest.m; sourceTree = "<group>"; };
		1CBB16A918CEBBF000832030 /* ASINSXMLParserCompat.h */ = {isa = PBXFileReference; lastKnownFileType = sourcecode.c.h; path = ASINSXMLParserCompat.h; sourceTree = "<group>"; };
		1CBB16AA18CEBBF000832030 /* ASIS3Bucket.h */ = {isa = PBXFileReference; lastKnownFileType = sourcecode.c.h; path = ASIS3Bucket.h; sourceTree = "<group>"; };
		1CBB16AB18CEBBF000832030 /* ASIS3Bucket.m */ = {isa = PBXFileReference; lastKnownFileType = sourcecode.c.objc; path = ASIS3Bucket.m; sourceTree = "<group>"; };
		1CBB16AC18CEBBF000832030 /* ASIS3BucketObject.h */ = {isa = PBXFileReference; lastKnownFileType = sourcecode.c.h; path = ASIS3BucketObject.h; sourceTree = "<group>"; };
		1CBB16AD18CEBBF000832030 /* ASIS3BucketObject.m */ = {isa = PBXFileReference; lastKnownFileType = sourcecode.c.objc; path = ASIS3BucketObject.m; sourceTree = "<group>"; };
		1CBB16AE18CEBBF000832030 /* ASIS3BucketRequest.h */ = {isa = PBXFileReference; lastKnownFileType = sourcecode.c.h; path = ASIS3BucketRequest.h; sourceTree = "<group>"; };
		1CBB16AF18CEBBF000832030 /* ASIS3BucketRequest.m */ = {isa = PBXFileReference; lastKnownFileType = sourcecode.c.objc; path = ASIS3BucketRequest.m; sourceTree = "<group>"; };
		1CBB16B018CEBBF000832030 /* ASIS3ObjectRequest.h */ = {isa = PBXFileReference; lastKnownFileType = sourcecode.c.h; path = ASIS3ObjectRequest.h; sourceTree = "<group>"; };
		1CBB16B118CEBBF000832030 /* ASIS3ObjectRequest.m */ = {isa = PBXFileReference; lastKnownFileType = sourcecode.c.objc; path = ASIS3ObjectRequest.m; sourceTree = "<group>"; };
		1CBB16B218CEBBF000832030 /* ASIS3Request.h */ = {isa = PBXFileReference; lastKnownFileType = sourcecode.c.h; path = ASIS3Request.h; sourceTree = "<group>"; };
		1CBB16B318CEBBF000832030 /* ASIS3Request.m */ = {isa = PBXFileReference; lastKnownFileType = sourcecode.c.objc; path = ASIS3Request.m; sourceTree = "<group>"; };
		1CBB16B418CEBBF000832030 /* ASIS3ServiceRequest.h */ = {isa = PBXFileReference; lastKnownFileType = sourcecode.c.h; path = ASIS3ServiceRequest.h; sourceTree = "<group>"; };
		1CBB16B518CEBBF000832030 /* ASIS3ServiceRequest.m */ = {isa = PBXFileReference; lastKnownFileType = sourcecode.c.objc; path = ASIS3ServiceRequest.m; sourceTree = "<group>"; };
		1CBB16B718CEBBF000832030 /* ASICloudFilesRequestTests.h */ = {isa = PBXFileReference; lastKnownFileType = sourcecode.c.h; path = ASICloudFilesRequestTests.h; sourceTree = "<group>"; };
		1CBB16B818CEBBF000832030 /* ASICloudFilesRequestTests.m */ = {isa = PBXFileReference; lastKnownFileType = sourcecode.c.objc; path = ASICloudFilesRequestTests.m; sourceTree = "<group>"; };
		1CBB16B918CEBBF000832030 /* ASIDataCompressorTests.h */ = {isa = PBXFileReference; lastKnownFileType = sourcecode.c.h; path = ASIDataCompressorTests.h; sourceTree = "<group>"; };
		1CBB16BA18CEBBF000832030 /* ASIDataCompressorTests.m */ = {isa = PBXFileReference; lastKnownFileType = sourcecode.c.objc; path = ASIDataCompressorTests.m; sourceTree = "<group>"; };
		1CBB16BB18CEBBF000832030 /* ASIDownloadCacheTests.h */ = {isa = PBXFileReference; lastKnownFileType = sourcecode.c.h; path = ASIDownloadCacheTests.h; sourceTree = "<group>"; };
		1CBB16BC18CEBBF000832030 /* ASIDownloadCacheTests.m */ = {isa = PBXFileReference; lastKnownFileType = sourcecode.c.objc; path = ASIDownloadCacheTests.m; sourceTree = "<group>"; };
		1CBB16BD18CEBBF000832030 /* ASIFormDataRequestTests.h */ = {isa = PBXFileReference; lastKnownFileType = sourcecode.c.h; path = ASIFormDataRequestTests.h; sourceTree = "<group>"; };
		1CBB16BE18CEBBF000832030 /* ASIFormDataRequestTests.m */ = {isa = PBXFileReference; lastKnownFileType = sourcecode.c.objc; path = ASIFormDataRequestTests.m; sourceTree = "<group>"; };
		1CBB16BF18CEBBF000832030 /* ASIHTTPRequestTests.h */ = {isa = PBXFileReference; lastKnownFileType = sourcecode.c.h; path = ASIHTTPRequestTests.h; sourceTree = "<group>"; };
		1CBB16C018CEBBF000832030 /* ASIHTTPRequestTests.m */ = {isa = PBXFileReference; lastKnownFileType = sourcecode.c.objc; path = ASIHTTPRequestTests.m; sourceTree = "<group>"; };
		1CBB16C118CEBBF000832030 /* ASINetworkQueueTests.h */ = {isa = PBXFileReference; lastKnownFileType = sourcecode.c.h; path = ASINetworkQueueTests.h; sourceTree = "<group>"; };
		1CBB16C218CEBBF000832030 /* ASINetworkQueueTests.m */ = {isa = PBXFileReference; lastKnownFileType = sourcecode.c.objc; path = ASINetworkQueueTests.m; sourceTree = "<group>"; };
		1CBB16C318CEBBF000832030 /* ASIS3RequestTests.h */ = {isa = PBXFileReference; lastKnownFileType = sourcecode.c.h; path = ASIS3RequestTests.h; sourceTree = "<group>"; };
		1CBB16C418CEBBF000832030 /* ASIS3RequestTests.m */ = {isa = PBXFileReference; lastKnownFileType = sourcecode.c.objc; path = ASIS3RequestTests.m; sourceTree = "<group>"; };
		1CBB16C518CEBBF000832030 /* ASITestCase.h */ = {isa = PBXFileReference; lastKnownFileType = sourcecode.c.h; path = ASITestCase.h; sourceTree = "<group>"; };
		1CBB16C618CEBBF000832030 /* ASITestCase.m */ = {isa = PBXFileReference; lastKnownFileType = sourcecode.c.objc; path = ASITestCase.m; sourceTree = "<group>"; };
		1CBB16C718CEBBF000832030 /* ASIWebPageRequestTests.h */ = {isa = PBXFileReference; lastKnownFileType = sourcecode.c.h; path = ASIWebPageRequestTests.h; sourceTree = "<group>"; };
		1CBB16C818CEBBF000832030 /* ASIWebPageRequestTests.m */ = {isa = PBXFileReference; lastKnownFileType = sourcecode.c.objc; path = ASIWebPageRequestTests.m; sourceTree = "<group>"; };
		1CBB16C918CEBBF000832030 /* BlocksTests.h */ = {isa = PBXFileReference; lastKnownFileType = sourcecode.c.h; path = BlocksTests.h; sourceTree = "<group>"; };
		1CBB16CA18CEBBF000832030 /* BlocksTests.m */ = {isa = PBXFileReference; lastKnownFileType = sourcecode.c.objc; path = BlocksTests.m; sourceTree = "<group>"; };
		1CBB16CB18CEBBF000832030 /* ClientCertificateTests.h */ = {isa = PBXFileReference; lastKnownFileType = sourcecode.c.h; path = ClientCertificateTests.h; sourceTree = "<group>"; };
		1CBB16CC18CEBBF000832030 /* ClientCertificateTests.m */ = {isa = PBXFileReference; lastKnownFileType = sourcecode.c.objc; path = ClientCertificateTests.m; sourceTree = "<group>"; };
		1CBB16CD18CEBBF000832030 /* GHUnitTestMain.m */ = {isa = PBXFileReference; lastKnownFileType = sourcecode.c.objc; path = GHUnitTestMain.m; sourceTree = "<group>"; };
		1CBB16CE18CEBBF000832030 /* PerformanceTests.h */ = {isa = PBXFileReference; lastKnownFileType = sourcecode.c.h; path = PerformanceTests.h; sourceTree = "<group>"; };
		1CBB16CF18CEBBF000832030 /* PerformanceTests.m */ = {isa = PBXFileReference; lastKnownFileType = sourcecode.c.objc; path = PerformanceTests.m; sourceTree = "<group>"; };
		1CBB16D018CEBBF000832030 /* ProxyTests.h */ = {isa = PBXFileReference; lastKnownFileType = sourcecode.c.h; path = ProxyTests.h; sourceTree = "<group>"; };
		1CBB16D118CEBBF000832030 /* ProxyTests.m */ = {isa = PBXFileReference; lastKnownFileType = sourcecode.c.objc; path = ProxyTests.m; sourceTree = "<group>"; };
		1CBB16D218CEBBF000832030 /* StressTests.h */ = {isa = PBXFileReference; lastKnownFileType = sourcecode.c.h; path = StressTests.h; sourceTree = "<group>"; };
		1CBB16D318CEBBF000832030 /* StressTests.m */ = {isa = PBXFileReference; lastKnownFileType = sourcecode.c.objc; path = StressTests.m; sourceTree = "<group>"; };
		1CBB16D418CEBBF000832030 /* DONORS */ = {isa = PBXFileReference; lastKnownFileType = text; path = DONORS; sourceTree = "<group>"; };
		1CBB16D718CEBBF000832030 /* README-GHUnit */ = {isa = PBXFileReference; lastKnownFileType = text; path = "README-GHUnit"; sourceTree = "<group>"; };
		1CBB16D918CEBBF000832030 /* Reachability.h */ = {isa = PBXFileReference; lastKnownFileType = sourcecode.c.h; path = Reachability.h; sourceTree = "<group>"; };
		1CBB16DA18CEBBF000832030 /* Reachability.m */ = {isa = PBXFileReference; lastKnownFileType = sourcecode.c.objc; path = Reachability.m; sourceTree = "<group>"; };
		1CBB16DC18CEBBF000832030 /* AuthenticationViewController.h */ = {isa = PBXFileReference; lastKnownFileType = sourcecode.c.h; path = AuthenticationViewController.h; sourceTree = "<group>"; };
		1CBB16DD18CEBBF000832030 /* AuthenticationViewController.m */ = {isa = PBXFileReference; lastKnownFileType = sourcecode.c.objc; path = AuthenticationViewController.m; sourceTree = "<group>"; };
		1CBB16DE18CEBBF000832030 /* DetailCell.h */ = {isa = PBXFileReference; lastKnownFileType = sourcecode.c.h; path = DetailCell.h; sourceTree = "<group>"; };
		1CBB16DF18CEBBF000832030 /* DetailCell.m */ = {isa = PBXFileReference; lastKnownFileType = sourcecode.c.objc; path = DetailCell.m; sourceTree = "<group>"; };
		1CBB16E018CEBBF000832030 /* GHUnitIOSTestMain.m */ = {isa = PBXFileReference; lastKnownFileType = sourcecode.c.objc; path = GHUnitIOSTestMain.m; sourceTree = "<group>"; };
		1CBB16E118CEBBF000832030 /* InfoCell.h */ = {isa = PBXFileReference; lastKnownFileType = sourcecode.c.h; path = InfoCell.h; sourceTree = "<group>"; };
		1CBB16E218CEBBF000832030 /* InfoCell.m */ = {isa = PBXFileReference; lastKnownFileType = sourcecode.c.objc; path = InfoCell.m; sourceTree = "<group>"; };
		1CBB16E318CEBBF000832030 /* iPadInfo.plist */ = {isa = PBXFileReference; lastKnownFileType = text.plist.xml; path = iPadInfo.plist; sourceTree = "<group>"; };
		1CBB16E418CEBBF000832030 /* iPadSampleAppDelegate.h */ = {isa = PBXFileReference; lastKnownFileType = sourcecode.c.h; path = iPadSampleAppDelegate.h; sourceTree = "<group>"; };
		1CBB16E518CEBBF000832030 /* iPadSampleAppDelegate.m */ = {isa = PBXFileReference; lastKnownFileType = sourcecode.c.objc; path = iPadSampleAppDelegate.m; sourceTree = "<group>"; };
		1CBB16E618CEBBF000832030 /* iphone-icon.png */ = {isa = PBXFileReference; lastKnownFileType = image.png; path = "iphone-icon.png"; sourceTree = "<group>"; };
		1CBB16E718CEBBF000832030 /* iphone-tests-icon.png */ = {isa = PBXFileReference; lastKnownFileType = image.png; path = "iphone-tests-icon.png"; sourceTree = "<group>"; };
		1CBB16E818CEBBF000832030 /* iPhone_Prefix.pch */ = {isa = PBXFileReference; lastKnownFileType = sourcecode.c.h; path = iPhone_Prefix.pch; sourceTree = "<group>"; };
		1CBB16E918CEBBF000832030 /* iPhoneInfo.plist */ = {isa = PBXFileReference; lastKnownFileType = text.plist.xml; path = iPhoneInfo.plist; sourceTree = "<group>"; };
		1CBB16EA18CEBBF000832030 /* iPhoneSampleAppDelegate.h */ = {isa = PBXFileReference; lastKnownFileType = sourcecode.c.h; path = iPhoneSampleAppDelegate.h; sourceTree = "<group>"; };
		1CBB16EB18CEBBF000832030 /* iPhoneSampleAppDelegate.m */ = {isa = PBXFileReference; lastKnownFileType = sourcecode.c.objc; path = iPhoneSampleAppDelegate.m; sourceTree = "<group>"; };
		1CBB16EC18CEBBF000832030 /* main.m */ = {isa = PBXFileReference; lastKnownFileType = sourcecode.c.objc; path = main.m; sourceTree = "<group>"; };
		1CBB16ED18CEBBF000832030 /* QueueViewController.h */ = {isa = PBXFileReference; lastKnownFileType = sourcecode.c.h; path = QueueViewController.h; sourceTree = "<group>"; };
		1CBB16EE18CEBBF000832030 /* QueueViewController.m */ = {isa = PBXFileReference; lastKnownFileType = sourcecode.c.objc; path = QueueViewController.m; sourceTree = "<group>"; };
		1CBB16EF18CEBBF000832030 /* RequestProgressCell.h */ = {isa = PBXFileReference; lastKnownFileType = sourcecode.c.h; path = RequestProgressCell.h; sourceTree = "<group>"; };
		1CBB16F018CEBBF000832030 /* RequestProgressCell.m */ = {isa = PBXFileReference; lastKnownFileType = sourcecode.c.objc; path = RequestProgressCell.m; sourceTree = "<group>"; };
		1CBB16F218CEBBF000832030 /* client.p12 */ = {isa = PBXFileReference; lastKnownFileType = file; path = client.p12; sourceTree = "<group>"; };
		1CBB16F318CEBBF000832030 /* info.png */ = {isa = PBXFileReference; lastKnownFileType = image.png; path = info.png; sourceTree = "<group>"; };
		1CBB16F418CEBBF000832030 /* iPadMainWindow.xib */ = {isa = PBXFileReference; lastKnownFileType = file.xib; path = iPadMainWindow.xib; sourceTree = "<group>"; };
		1CBB16F518CEBBF000832030 /* iPhoneMainWindow.xib */ = {isa = PBXFileReference; lastKnownFileType = file.xib; path = iPhoneMainWindow.xib; sourceTree = "<group>"; };
		1CBB16F618CEBBF000832030 /* Sample.xib */ = {isa = PBXFileReference; lastKnownFileType = file.xib; path = Sample.xib; sourceTree = "<group>"; };
		1CBB16F718CEBBF000832030 /* RootViewController.h */ = {isa = PBXFileReference; lastKnownFileType = sourcecode.c.h; path = RootViewController.h; sourceTree = "<group>"; };
		1CBB16F818CEBBF000832030 /* RootViewController.m */ = {isa = PBXFileReference; lastKnownFileType = sourcecode.c.objc; path = RootViewController.m; sourceTree = "<group>"; };
		1CBB16F918CEBBF000832030 /* SampleViewController.h */ = {isa = PBXFileReference; lastKnownFileType = sourcecode.c.h; path = SampleViewController.h; sourceTree = "<group>"; };
		1CBB16FA18CEBBF000832030 /* SampleViewController.m */ = {isa = PBXFileReference; lastKnownFileType = sourcecode.c.objc; path = SampleViewController.m; sourceTree = "<group>"; };
		1CBB16FB18CEBBF000832030 /* SynchronousViewController.h */ = {isa = PBXFileReference; lastKnownFileType = sourcecode.c.h; path = SynchronousViewController.h; sourceTree = "<group>"; };
		1CBB16FC18CEBBF000832030 /* SynchronousViewController.m */ = {isa = PBXFileReference; lastKnownFileType = sourcecode.c.objc; path = SynchronousViewController.m; sourceTree = "<group>"; };
		1CBB16FD18CEBBF000832030 /* Tests-Info.plist */ = {isa = PBXFileReference; lastKnownFileType = text.plist.xml; path = "Tests-Info.plist"; sourceTree = "<group>"; };
		1CBB16FE18CEBBF000832030 /* ToggleCell.h */ = {isa = PBXFileReference; lastKnownFileType = sourcecode.c.h; path = ToggleCell.h; sourceTree = "<group>"; };
		1CBB16FF18CEBBF000832030 /* ToggleCell.m */ = {isa = PBXFileReference; lastKnownFileType = sourcecode.c.objc; path = ToggleCell.m; sourceTree = "<group>"; };
		1CBB170018CEBBF000832030 /* UploadViewController.h */ = {isa = PBXFileReference; lastKnownFileType = sourcecode.c.h; path = UploadViewController.h; sourceTree = "<group>"; };
		1CBB170118CEBBF000832030 /* UploadViewController.m */ = {isa = PBXFileReference; lastKnownFileType = sourcecode.c.objc; path = UploadViewController.m; sourceTree = "<group>"; };
		1CBB170218CEBBF000832030 /* WebPageViewController.h */ = {isa = PBXFileReference; lastKnownFileType = sourcecode.c.h; path = WebPageViewController.h; sourceTree = "<group>"; };
		1CBB170318CEBBF000832030 /* WebPageViewController.m */ = {isa = PBXFileReference; lastKnownFileType = sourcecode.c.objc; path = WebPageViewController.m; sourceTree = "<group>"; };
		1CBB170418CEBBF000832030 /* iPhone.xcodeproj */ = {isa = PBXFileReference; lastKnownFileType = "wrapper.pb-project"; path = iPhone.xcodeproj; sourceTree = "<group>"; };
		1CBB170718CEBBF000832030 /* LICENSE */ = {isa = PBXFileReference; lastKnownFileType = text; path = LICENSE; sourceTree = "<group>"; };
		1CBB170918CEBBF000832030 /* AppDelegate.h */ = {isa = PBXFileReference; lastKnownFileType = sourcecode.c.h; path = AppDelegate.h; sourceTree = "<group>"; };
		1CBB170A18CEBBF000832030 /* AppDelegate.m */ = {isa = PBXFileReference; lastKnownFileType = sourcecode.c.objc; path = AppDelegate.m; sourceTree = "<group>"; };
		1CBB170C18CEBBF000832030 /* English */ = {isa = PBXFileReference; lastKnownFileType = text.plist.strings; name = English; path = English.lproj/InfoPlist.strings; sourceTree = "<group>"; };
		1CBB170E18CEBBF000832030 /* English */ = {isa = PBXFileReference; lastKnownFileType = file.xib; name = English; path = English.lproj/MainMenu.xib; sourceTree = "<group>"; };
		1CBB170F18CEBBF000832030 /* Info.plist */ = {isa = PBXFileReference; lastKnownFileType = text.plist.xml; path = Info.plist; sourceTree = "<group>"; };
		1CBB171018CEBBF000832030 /* Mac_Prefix.pch */ = {isa = PBXFileReference; lastKnownFileType = sourcecode.c.h; path = Mac_Prefix.pch; sourceTree = "<group>"; };
		1CBB171118CEBBF000832030 /* main.m */ = {isa = PBXFileReference; lastKnownFileType = sourcecode.c.objc; path = main.m; sourceTree = "<group>"; };
		1CBB171218CEBBF000832030 /* Tests-Info.plist */ = {isa = PBXFileReference; lastKnownFileType = text.plist.xml; path = "Tests-Info.plist"; sourceTree = "<group>"; };
		1CBB171318CEBBF000832030 /* Mac.xcodeproj */ = {isa = PBXFileReference; lastKnownFileType = "wrapper.pb-project"; path = Mac.xcodeproj; sourceTree = "<group>"; };
		1CBB171618CEBBF000832030 /* README.textile */ = {isa = PBXFileReference; lastKnownFileType = text; path = README.textile; sourceTree = "<group>"; };
		1CBB171718CEBBF000832030 /* strict.xcconfig */ = {isa = PBXFileReference; lastKnownFileType = text.xcconfig; path = strict.xcconfig; sourceTree = "<group>"; };
		1CBB172918CEC02C00832030 /* GTMNSString+HTML.h */ = {isa = PBXFileReference; fileEncoding = 4; lastKnownFileType = sourcecode.c.h; path = "GTMNSString+HTML.h"; sourceTree = "<group>"; };
		1CBB172A18CEC05500832030 /* GTMNSString+HTML.m */ = {isa = PBXFileReference; fileEncoding = 4; lastKnownFileType = sourcecode.c.objc; path = "GTMNSString+HTML.m"; sourceTree = "<group>"; };
		5CB0838C18AC08F300F36036 /* SFHFKeychainUtils.h */ = {isa = PBXFileReference; fileEncoding = 4; lastKnownFileType = sourcecode.c.h; path = SFHFKeychainUtils.h; sourceTree = "<group>"; };
		5CB0838D18AC08F300F36036 /* SFHFKeychainUtils.m */ = {isa = PBXFileReference; fileEncoding = 4; lastKnownFileType = sourcecode.c.objc; path = SFHFKeychainUtils.m; sourceTree = "<group>"; };
		5CB0839018AC1B2B00F36036 /* PasswordHandler.h */ = {isa = PBXFileReference; fileEncoding = 4; lastKnownFileType = sourcecode.c.h; path = PasswordHandler.h; sourceTree = "<group>"; };
		5CB0839118AC1B2B00F36036 /* PasswordHandler.m */ = {isa = PBXFileReference; fileEncoding = 4; lastKnownFileType = sourcecode.c.objc; path = PasswordHandler.m; sourceTree = "<group>"; };
		EF5CAC301890774200E6F164 /* OPALApp.app */ = {isa = PBXFileReference; explicitFileType = wrapper.application; includeInIndex = 0; path = OPALApp.app; sourceTree = BUILT_PRODUCTS_DIR; };
		EF5CAC331890774200E6F164 /* Foundation.framework */ = {isa = PBXFileReference; lastKnownFileType = wrapper.framework; name = Foundation.framework; path = System/Library/Frameworks/Foundation.framework; sourceTree = SDKROOT; };
		EF5CAC351890774200E6F164 /* CoreGraphics.framework */ = {isa = PBXFileReference; lastKnownFileType = wrapper.framework; name = CoreGraphics.framework; path = System/Library/Frameworks/CoreGraphics.framework; sourceTree = SDKROOT; };
		EF5CAC371890774200E6F164 /* UIKit.framework */ = {isa = PBXFileReference; lastKnownFileType = wrapper.framework; name = UIKit.framework; path = System/Library/Frameworks/UIKit.framework; sourceTree = SDKROOT; };
		EF5CAC3B1890774200E6F164 /* OPALApp-Info.plist */ = {isa = PBXFileReference; lastKnownFileType = text.plist.xml; path = "OPALApp-Info.plist"; sourceTree = "<group>"; };
		EF5CAC3D1890774200E6F164 /* en */ = {isa = PBXFileReference; lastKnownFileType = text.plist.strings; name = en; path = en.lproj/InfoPlist.strings; sourceTree = "<group>"; };
		EF5CAC3F1890774200E6F164 /* main.m */ = {isa = PBXFileReference; lastKnownFileType = sourcecode.c.objc; path = main.m; sourceTree = "<group>"; };
		EF5CAC411890774200E6F164 /* OPALApp-Prefix.pch */ = {isa = PBXFileReference; lastKnownFileType = sourcecode.c.h; path = "OPALApp-Prefix.pch"; sourceTree = "<group>"; };
		EF5CAC421890774200E6F164 /* AppDelegate.h */ = {isa = PBXFileReference; lastKnownFileType = sourcecode.c.h; path = AppDelegate.h; sourceTree = "<group>"; };
		EF5CAC431890774200E6F164 /* AppDelegate.m */ = {isa = PBXFileReference; lastKnownFileType = sourcecode.c.objc; path = AppDelegate.m; sourceTree = "<group>"; };
		EF5CAC461890774200E6F164 /* Base */ = {isa = PBXFileReference; lastKnownFileType = file.storyboard; name = Base; path = Base.lproj/Main.storyboard; sourceTree = "<group>"; };
		EF5CAC4B1890774200E6F164 /* Images.xcassets */ = {isa = PBXFileReference; lastKnownFileType = folder.assetcatalog; path = Images.xcassets; sourceTree = "<group>"; };
		EF5CAC511890774200E6F164 /* OPALAppTests.xctest */ = {isa = PBXFileReference; explicitFileType = wrapper.cfbundle; includeInIndex = 0; path = OPALAppTests.xctest; sourceTree = BUILT_PRODUCTS_DIR; };
		EF5CAC521890774200E6F164 /* XCTest.framework */ = {isa = PBXFileReference; lastKnownFileType = wrapper.framework; name = XCTest.framework; path = Library/Frameworks/XCTest.framework; sourceTree = DEVELOPER_DIR; };
		EF5CAC5A1890774300E6F164 /* OPALAppTests-Info.plist */ = {isa = PBXFileReference; lastKnownFileType = text.plist.xml; path = "OPALAppTests-Info.plist"; sourceTree = "<group>"; };
		EF5CAC5C1890774300E6F164 /* en */ = {isa = PBXFileReference; lastKnownFileType = text.plist.strings; name = en; path = en.lproj/InfoPlist.strings; sourceTree = "<group>"; };
		EF5CAC5E1890774300E6F164 /* OPALAppTests.m */ = {isa = PBXFileReference; lastKnownFileType = sourcecode.c.objc; path = OPALAppTests.m; sourceTree = "<group>"; };
		EF5CAC7E1890AF2700E6F164 /* UIColor+FlatUI.h */ = {isa = PBXFileReference; fileEncoding = 4; lastKnownFileType = sourcecode.c.h; path = "UIColor+FlatUI.h"; sourceTree = "<group>"; };
		EF5CAC7F1890AF2700E6F164 /* UIColor+FlatUI.m */ = {isa = PBXFileReference; fileEncoding = 4; lastKnownFileType = sourcecode.c.objc; path = "UIColor+FlatUI.m"; sourceTree = "<group>"; };
		EF5CACA81890AFE500E6F164 /* Theme.h */ = {isa = PBXFileReference; fileEncoding = 4; lastKnownFileType = sourcecode.c.h; path = Theme.h; sourceTree = "<group>"; };
		EF5CACA91890AFE500E6F164 /* BaseTheme.h */ = {isa = PBXFileReference; fileEncoding = 4; lastKnownFileType = sourcecode.c.h; path = BaseTheme.h; sourceTree = "<group>"; };
		EF5CACAA1890AFE500E6F164 /* BaseTheme.m */ = {isa = PBXFileReference; fileEncoding = 4; lastKnownFileType = sourcecode.c.objc; path = BaseTheme.m; sourceTree = "<group>"; };
		EF5CACAB1890AFE500E6F164 /* ThemeFactory.h */ = {isa = PBXFileReference; fileEncoding = 4; lastKnownFileType = sourcecode.c.h; path = ThemeFactory.h; sourceTree = "<group>"; };
		EF5CACAC1890AFE500E6F164 /* ThemeFactory.m */ = {isa = PBXFileReference; fileEncoding = 4; lastKnownFileType = sourcecode.c.objc; path = ThemeFactory.m; sourceTree = "<group>"; };
		EF5CACB31890B07A00E6F164 /* Defaults.plist */ = {isa = PBXFileReference; fileEncoding = 4; lastKnownFileType = text.plist.xml; path = Defaults.plist; sourceTree = "<group>"; };
		EF5CACB51890B1AA00E6F164 /* OPConstants.h */ = {isa = PBXFileReference; fileEncoding = 4; lastKnownFileType = sourcecode.c.h; path = OPConstants.h; sourceTree = "<group>"; };
		EF5CACB61890B5C600E6F164 /* DefaultTheme.h */ = {isa = PBXFileReference; fileEncoding = 4; lastKnownFileType = sourcecode.c.h; path = DefaultTheme.h; sourceTree = "<group>"; };
		EF5CACB71890B5C600E6F164 /* DefaultTheme.m */ = {isa = PBXFileReference; fileEncoding = 4; lastKnownFileType = sourcecode.c.objc; path = DefaultTheme.m; sourceTree = "<group>"; };
		EF5CACB91890B6AD00E6F164 /* NotificationViewController.h */ = {isa = PBXFileReference; fileEncoding = 4; lastKnownFileType = sourcecode.c.h; path = NotificationViewController.h; sourceTree = "<group>"; };
		EF5CACBA1890B6AD00E6F164 /* NotificationViewController.m */ = {isa = PBXFileReference; fileEncoding = 4; lastKnownFileType = sourcecode.c.objc; path = NotificationViewController.m; sourceTree = "<group>"; };
		EF5CACBC1890B6B900E6F164 /* WayfinderViewController.h */ = {isa = PBXFileReference; fileEncoding = 4; lastKnownFileType = sourcecode.c.h; path = WayfinderViewController.h; sourceTree = "<group>"; };
		EF5CACBD1890B6B900E6F164 /* WayfinderViewController.m */ = {isa = PBXFileReference; fileEncoding = 4; lastKnownFileType = sourcecode.c.objc; path = WayfinderViewController.m; sourceTree = "<group>"; };
		EFE7B74C18AD61100065A731 /* PasswordHandling.h */ = {isa = PBXFileReference; fileEncoding = 4; lastKnownFileType = sourcecode.c.h; path = PasswordHandling.h; sourceTree = "<group>"; };
		EFE7B74D18AD67F00065A731 /* FlatUIKit.h */ = {isa = PBXFileReference; fileEncoding = 4; lastKnownFileType = sourcecode.c.h; path = FlatUIKit.h; sourceTree = "<group>"; };
		EFE7B74E18AD67F00065A731 /* FUIAlertView.h */ = {isa = PBXFileReference; fileEncoding = 4; lastKnownFileType = sourcecode.c.h; path = FUIAlertView.h; sourceTree = "<group>"; };
		EFE7B74F18AD67F00065A731 /* FUIAlertView.m */ = {isa = PBXFileReference; fileEncoding = 4; lastKnownFileType = sourcecode.c.objc; path = FUIAlertView.m; sourceTree = "<group>"; };
		EFE7B75018AD67F00065A731 /* FUIButton.h */ = {isa = PBXFileReference; fileEncoding = 4; lastKnownFileType = sourcecode.c.h; path = FUIButton.h; sourceTree = "<group>"; };
		EFE7B75118AD67F00065A731 /* FUIButton.m */ = {isa = PBXFileReference; fileEncoding = 4; lastKnownFileType = sourcecode.c.objc; path = FUIButton.m; sourceTree = "<group>"; };
		EFE7B75218AD67F00065A731 /* FUICellBackgroundView.h */ = {isa = PBXFileReference; fileEncoding = 4; lastKnownFileType = sourcecode.c.h; path = FUICellBackgroundView.h; sourceTree = "<group>"; };
		EFE7B75318AD67F00065A731 /* FUICellBackgroundView.m */ = {isa = PBXFileReference; fileEncoding = 4; lastKnownFileType = sourcecode.c.objc; path = FUICellBackgroundView.m; sourceTree = "<group>"; };
		EFE7B75418AD67F00065A731 /* FUIPopoverBackgroundView.h */ = {isa = PBXFileReference; fileEncoding = 4; lastKnownFileType = sourcecode.c.h; path = FUIPopoverBackgroundView.h; sourceTree = "<group>"; };
		EFE7B75518AD67F00065A731 /* FUIPopoverBackgroundView.m */ = {isa = PBXFileReference; fileEncoding = 4; lastKnownFileType = sourcecode.c.objc; path = FUIPopoverBackgroundView.m; sourceTree = "<group>"; };
		EFE7B75618AD67F00065A731 /* FUISegmentedControl.h */ = {isa = PBXFileReference; fileEncoding = 4; lastKnownFileType = sourcecode.c.h; path = FUISegmentedControl.h; sourceTree = "<group>"; };
		EFE7B75718AD67F00065A731 /* FUISegmentedControl.m */ = {isa = PBXFileReference; fileEncoding = 4; lastKnownFileType = sourcecode.c.objc; path = FUISegmentedControl.m; sourceTree = "<group>"; };
		EFE7B75818AD67F00065A731 /* FUISwitch.h */ = {isa = PBXFileReference; fileEncoding = 4; lastKnownFileType = sourcecode.c.h; path = FUISwitch.h; sourceTree = "<group>"; };
		EFE7B75918AD67F00065A731 /* FUISwitch.m */ = {isa = PBXFileReference; fileEncoding = 4; lastKnownFileType = sourcecode.c.objc; path = FUISwitch.m; sourceTree = "<group>"; };
		EFE7B75A18AD67F00065A731 /* FUITextField.h */ = {isa = PBXFileReference; fileEncoding = 4; lastKnownFileType = sourcecode.c.h; path = FUITextField.h; sourceTree = "<group>"; };
		EFE7B75B18AD67F00065A731 /* FUITextField.m */ = {isa = PBXFileReference; fileEncoding = 4; lastKnownFileType = sourcecode.c.objc; path = FUITextField.m; sourceTree = "<group>"; };
		EFE7B75C18AD67F00065A731 /* UIBarButtonItem+FlatUI.h */ = {isa = PBXFileReference; fileEncoding = 4; lastKnownFileType = sourcecode.c.h; path = "UIBarButtonItem+FlatUI.h"; sourceTree = "<group>"; };
		EFE7B75D18AD67F00065A731 /* UIBarButtonItem+FlatUI.m */ = {isa = PBXFileReference; fileEncoding = 4; lastKnownFileType = sourcecode.c.objc; path = "UIBarButtonItem+FlatUI.m"; sourceTree = "<group>"; };
		EFE7B75E18AD67F00065A731 /* UIFont+FlatUI.h */ = {isa = PBXFileReference; fileEncoding = 4; lastKnownFileType = sourcecode.c.h; path = "UIFont+FlatUI.h"; sourceTree = "<group>"; };
		EFE7B75F18AD67F00065A731 /* UIFont+FlatUI.m */ = {isa = PBXFileReference; fileEncoding = 4; lastKnownFileType = sourcecode.c.objc; path = "UIFont+FlatUI.m"; sourceTree = "<group>"; };
		EFE7B76018AD67F00065A731 /* UIImage+FlatUI.h */ = {isa = PBXFileReference; fileEncoding = 4; lastKnownFileType = sourcecode.c.h; path = "UIImage+FlatUI.h"; sourceTree = "<group>"; };
		EFE7B76118AD67F00065A731 /* UIImage+FlatUI.m */ = {isa = PBXFileReference; fileEncoding = 4; lastKnownFileType = sourcecode.c.objc; path = "UIImage+FlatUI.m"; sourceTree = "<group>"; };
		EFE7B76218AD67F00065A731 /* UINavigationBar+FlatUI.h */ = {isa = PBXFileReference; fileEncoding = 4; lastKnownFileType = sourcecode.c.h; path = "UINavigationBar+FlatUI.h"; sourceTree = "<group>"; };
		EFE7B76318AD67F00065A731 /* UINavigationBar+FlatUI.m */ = {isa = PBXFileReference; fileEncoding = 4; lastKnownFileType = sourcecode.c.objc; path = "UINavigationBar+FlatUI.m"; sourceTree = "<group>"; };
		EFE7B76418AD67F00065A731 /* UIPopoverController+FlatUI.h */ = {isa = PBXFileReference; fileEncoding = 4; lastKnownFileType = sourcecode.c.h; path = "UIPopoverController+FlatUI.h"; sourceTree = "<group>"; };
		EFE7B76518AD67F00065A731 /* UIPopoverController+FlatUI.m */ = {isa = PBXFileReference; fileEncoding = 4; lastKnownFileType = sourcecode.c.objc; path = "UIPopoverController+FlatUI.m"; sourceTree = "<group>"; };
		EFE7B76618AD67F00065A731 /* UIProgressView+FlatUI.h */ = {isa = PBXFileReference; fileEncoding = 4; lastKnownFileType = sourcecode.c.h; path = "UIProgressView+FlatUI.h"; sourceTree = "<group>"; };
		EFE7B76718AD67F00065A731 /* UIProgressView+FlatUI.m */ = {isa = PBXFileReference; fileEncoding = 4; lastKnownFileType = sourcecode.c.objc; path = "UIProgressView+FlatUI.m"; sourceTree = "<group>"; };
		EFE7B76818AD67F00065A731 /* UISlider+FlatUI.h */ = {isa = PBXFileReference; fileEncoding = 4; lastKnownFileType = sourcecode.c.h; path = "UISlider+FlatUI.h"; sourceTree = "<group>"; };
		EFE7B76918AD67F00065A731 /* UISlider+FlatUI.m */ = {isa = PBXFileReference; fileEncoding = 4; lastKnownFileType = sourcecode.c.objc; path = "UISlider+FlatUI.m"; sourceTree = "<group>"; };
		EFE7B76A18AD67F00065A731 /* UIStepper+FlatUI.h */ = {isa = PBXFileReference; fileEncoding = 4; lastKnownFileType = sourcecode.c.h; path = "UIStepper+FlatUI.h"; sourceTree = "<group>"; };
		EFE7B76B18AD67F00065A731 /* UIStepper+FlatUI.m */ = {isa = PBXFileReference; fileEncoding = 4; lastKnownFileType = sourcecode.c.objc; path = "UIStepper+FlatUI.m"; sourceTree = "<group>"; };
		EFE7B76C18AD67F00065A731 /* UITabBar+FlatUI.h */ = {isa = PBXFileReference; fileEncoding = 4; lastKnownFileType = sourcecode.c.h; path = "UITabBar+FlatUI.h"; sourceTree = "<group>"; };
		EFE7B76D18AD67F00065A731 /* UITabBar+FlatUI.m */ = {isa = PBXFileReference; fileEncoding = 4; lastKnownFileType = sourcecode.c.objc; path = "UITabBar+FlatUI.m"; sourceTree = "<group>"; };
		EFE7B76E18AD67F00065A731 /* UITableViewCell+FlatUI.h */ = {isa = PBXFileReference; fileEncoding = 4; lastKnownFileType = sourcecode.c.h; path = "UITableViewCell+FlatUI.h"; sourceTree = "<group>"; };
		EFE7B76F18AD67F00065A731 /* UITableViewCell+FlatUI.m */ = {isa = PBXFileReference; fileEncoding = 4; lastKnownFileType = sourcecode.c.objc; path = "UITableViewCell+FlatUI.m"; sourceTree = "<group>"; };
		EFE7B77018AD67F00065A731 /* UIToolbar+FlatUI.h */ = {isa = PBXFileReference; fileEncoding = 4; lastKnownFileType = sourcecode.c.h; path = "UIToolbar+FlatUI.h"; sourceTree = "<group>"; };
		EFE7B77118AD67F00065A731 /* UIToolbar+FlatUI.m */ = {isa = PBXFileReference; fileEncoding = 4; lastKnownFileType = sourcecode.c.objc; path = "UIToolbar+FlatUI.m"; sourceTree = "<group>"; };
		EFFE3BD81891DFE700E88371 /* TriageViewController.h */ = {isa = PBXFileReference; fileEncoding = 4; lastKnownFileType = sourcecode.c.h; path = TriageViewController.h; sourceTree = "<group>"; };
		EFFE3BD91891DFE700E88371 /* TriageViewController.m */ = {isa = PBXFileReference; fileEncoding = 4; lastKnownFileType = sourcecode.c.objc; path = TriageViewController.m; sourceTree = "<group>"; };
/* End PBXFileReference section */

/* Begin PBXFrameworksBuildPhase section */
		EF5CAC2D1890774200E6F164 /* Frameworks */ = {
			isa = PBXFrameworksBuildPhase;
			buildActionMask = 2147483647;
			files = (
				EF5CAC361890774200E6F164 /* CoreGraphics.framework in Frameworks */,
				EF5CAC381890774200E6F164 /* UIKit.framework in Frameworks */,
				EF5CAC341890774200E6F164 /* Foundation.framework in Frameworks */,
			);
			runOnlyForDeploymentPostprocessing = 0;
		};
		EF5CAC4E1890774200E6F164 /* Frameworks */ = {
			isa = PBXFrameworksBuildPhase;
			buildActionMask = 2147483647;
			files = (
				EF5CAC531890774300E6F164 /* XCTest.framework in Frameworks */,
				EF5CAC551890774300E6F164 /* UIKit.framework in Frameworks */,
				EF5CAC541890774300E6F164 /* Foundation.framework in Frameworks */,
			);
			runOnlyForDeploymentPostprocessing = 0;
		};
/* End PBXFrameworksBuildPhase section */

/* Begin PBXGroup section */
		1CBB167518CEBBD800832030 /* JSONKit */ = {
			isa = PBXGroup;
			children = (
				1CBB167618CEBBD800832030 /* CHANGELOG.md */,
				1CBB167718CEBBD800832030 /* JSONKit.h */,
				1CBB167818CEBBD800832030 /* JSONKit.m */,
				1CBB167918CEBBD800832030 /* README.md */,
			);
			name = JSONKit;
			path = ../JSONKit;
			sourceTree = "<group>";
		};
		1CBB167A18CEBBEF00832030 /* asi-http-request */ = {
			isa = PBXGroup;
			children = (
				1CBB167B18CEBBEF00832030 /* .gitattributes */,
				1CBB167C18CEBBEF00832030 /* .gitignore */,
				1CBB167D18CEBBEF00832030 /* Build Scripts */,
				1CBB168118CEBBEF00832030 /* Classes */,
				1CBB16D418CEBBF000832030 /* DONORS */,
				1CBB16D518CEBBF000832030 /* External */,
				1CBB16DB18CEBBF000832030 /* iPhone Sample */,
				1CBB170418CEBBF000832030 /* iPhone.xcodeproj */,
				1CBB170718CEBBF000832030 /* LICENSE */,
				1CBB170818CEBBF000832030 /* Mac Sample */,
				1CBB171318CEBBF000832030 /* Mac.xcodeproj */,
				1CBB171618CEBBF000832030 /* README.textile */,
				1CBB171718CEBBF000832030 /* strict.xcconfig */,
			);
			name = "asi-http-request";
			path = "../asi-http-request";
			sourceTree = "<group>";
		};
		1CBB167D18CEBBEF00832030 /* Build Scripts */ = {
			isa = PBXGroup;
			children = (
				1CBB167E18CEBBEF00832030 /* fetch_ios_ghunit.rb */,
				1CBB167F18CEBBEF00832030 /* fetch_mac_ghunit.rb */,
				1CBB168018CEBBEF00832030 /* set_version_number.rb */,
			);
			path = "Build Scripts";
			sourceTree = "<group>";
		};
		1CBB168118CEBBEF00832030 /* Classes */ = {
			isa = PBXGroup;
			children = (
				1CBB168218CEBBEF00832030 /* ASIAuthenticationDialog.h */,
				1CBB168318CEBBEF00832030 /* ASIAuthenticationDialog.m */,
				1CBB168418CEBBEF00832030 /* ASICacheDelegate.h */,
				1CBB168518CEBBEF00832030 /* ASIDataCompressor.h */,
				1CBB168618CEBBEF00832030 /* ASIDataCompressor.m */,
				1CBB168718CEBBEF00832030 /* ASIDataDecompressor.h */,
				1CBB168818CEBBEF00832030 /* ASIDataDecompressor.m */,
				1CBB168918CEBBEF00832030 /* ASIDownloadCache.h */,
				1CBB168A18CEBBEF00832030 /* ASIDownloadCache.m */,
				1CBB168B18CEBBEF00832030 /* ASIFormDataRequest.h */,
				1CBB168C18CEBBEF00832030 /* ASIFormDataRequest.m */,
				1CBB168D18CEBBEF00832030 /* ASIHTTPRequest.h */,
				1CBB168E18CEBBEF00832030 /* ASIHTTPRequest.m */,
				1CBB168F18CEBBEF00832030 /* ASIHTTPRequestConfig.h */,
				1CBB169018CEBBEF00832030 /* ASIHTTPRequestDelegate.h */,
				1CBB169118CEBBF000832030 /* ASIInputStream.h */,
				1CBB169218CEBBF000832030 /* ASIInputStream.m */,
				1CBB169318CEBBF000832030 /* ASINetworkQueue.h */,
				1CBB169418CEBBF000832030 /* ASINetworkQueue.m */,
				1CBB169518CEBBF000832030 /* ASIProgressDelegate.h */,
				1CBB169618CEBBF000832030 /* ASIWebPageRequest */,
				1CBB169918CEBBF000832030 /* CloudFiles */,
				1CBB16A818CEBBF000832030 /* S3 */,
				1CBB16B618CEBBF000832030 /* Tests */,
			);
			path = Classes;
			sourceTree = "<group>";
		};
		1CBB169618CEBBF000832030 /* ASIWebPageRequest */ = {
			isa = PBXGroup;
			children = (
				1CBB169718CEBBF000832030 /* ASIWebPageRequest.h */,
				1CBB169818CEBBF000832030 /* ASIWebPageRequest.m */,
			);
			path = ASIWebPageRequest;
			sourceTree = "<group>";
		};
		1CBB169918CEBBF000832030 /* CloudFiles */ = {
			isa = PBXGroup;
			children = (
				1CBB169A18CEBBF000832030 /* ASICloudFilesCDNRequest.h */,
				1CBB169B18CEBBF000832030 /* ASICloudFilesCDNRequest.m */,
				1CBB169C18CEBBF000832030 /* ASICloudFilesContainer.h */,
				1CBB169D18CEBBF000832030 /* ASICloudFilesContainer.m */,
				1CBB169E18CEBBF000832030 /* ASICloudFilesContainerRequest.h */,
				1CBB169F18CEBBF000832030 /* ASICloudFilesContainerRequest.m */,
				1CBB16A018CEBBF000832030 /* ASICloudFilesContainerXMLParserDelegate.h */,
				1CBB16A118CEBBF000832030 /* ASICloudFilesContainerXMLParserDelegate.m */,
				1CBB16A218CEBBF000832030 /* ASICloudFilesObject.h */,
				1CBB16A318CEBBF000832030 /* ASICloudFilesObject.m */,
				1CBB16A418CEBBF000832030 /* ASICloudFilesObjectRequest.h */,
				1CBB16A518CEBBF000832030 /* ASICloudFilesObjectRequest.m */,
				1CBB16A618CEBBF000832030 /* ASICloudFilesRequest.h */,
				1CBB16A718CEBBF000832030 /* ASICloudFilesRequest.m */,
			);
			path = CloudFiles;
			sourceTree = "<group>";
		};
		1CBB16A818CEBBF000832030 /* S3 */ = {
			isa = PBXGroup;
			children = (
				1CBB16A918CEBBF000832030 /* ASINSXMLParserCompat.h */,
				1CBB16AA18CEBBF000832030 /* ASIS3Bucket.h */,
				1CBB16AB18CEBBF000832030 /* ASIS3Bucket.m */,
				1CBB16AC18CEBBF000832030 /* ASIS3BucketObject.h */,
				1CBB16AD18CEBBF000832030 /* ASIS3BucketObject.m */,
				1CBB16AE18CEBBF000832030 /* ASIS3BucketRequest.h */,
				1CBB16AF18CEBBF000832030 /* ASIS3BucketRequest.m */,
				1CBB16B018CEBBF000832030 /* ASIS3ObjectRequest.h */,
				1CBB16B118CEBBF000832030 /* ASIS3ObjectRequest.m */,
				1CBB16B218CEBBF000832030 /* ASIS3Request.h */,
				1CBB16B318CEBBF000832030 /* ASIS3Request.m */,
				1CBB16B418CEBBF000832030 /* ASIS3ServiceRequest.h */,
				1CBB16B518CEBBF000832030 /* ASIS3ServiceRequest.m */,
			);
			path = S3;
			sourceTree = "<group>";
		};
		1CBB16B618CEBBF000832030 /* Tests */ = {
			isa = PBXGroup;
			children = (
				1CBB16B718CEBBF000832030 /* ASICloudFilesRequestTests.h */,
				1CBB16B818CEBBF000832030 /* ASICloudFilesRequestTests.m */,
				1CBB16B918CEBBF000832030 /* ASIDataCompressorTests.h */,
				1CBB16BA18CEBBF000832030 /* ASIDataCompressorTests.m */,
				1CBB16BB18CEBBF000832030 /* ASIDownloadCacheTests.h */,
				1CBB16BC18CEBBF000832030 /* ASIDownloadCacheTests.m */,
				1CBB16BD18CEBBF000832030 /* ASIFormDataRequestTests.h */,
				1CBB16BE18CEBBF000832030 /* ASIFormDataRequestTests.m */,
				1CBB16BF18CEBBF000832030 /* ASIHTTPRequestTests.h */,
				1CBB16C018CEBBF000832030 /* ASIHTTPRequestTests.m */,
				1CBB16C118CEBBF000832030 /* ASINetworkQueueTests.h */,
				1CBB16C218CEBBF000832030 /* ASINetworkQueueTests.m */,
				1CBB16C318CEBBF000832030 /* ASIS3RequestTests.h */,
				1CBB16C418CEBBF000832030 /* ASIS3RequestTests.m */,
				1CBB16C518CEBBF000832030 /* ASITestCase.h */,
				1CBB16C618CEBBF000832030 /* ASITestCase.m */,
				1CBB16C718CEBBF000832030 /* ASIWebPageRequestTests.h */,
				1CBB16C818CEBBF000832030 /* ASIWebPageRequestTests.m */,
				1CBB16C918CEBBF000832030 /* BlocksTests.h */,
				1CBB16CA18CEBBF000832030 /* BlocksTests.m */,
				1CBB16CB18CEBBF000832030 /* ClientCertificateTests.h */,
				1CBB16CC18CEBBF000832030 /* ClientCertificateTests.m */,
				1CBB16CD18CEBBF000832030 /* GHUnitTestMain.m */,
				1CBB16CE18CEBBF000832030 /* PerformanceTests.h */,
				1CBB16CF18CEBBF000832030 /* PerformanceTests.m */,
				1CBB16D018CEBBF000832030 /* ProxyTests.h */,
				1CBB16D118CEBBF000832030 /* ProxyTests.m */,
				1CBB16D218CEBBF000832030 /* StressTests.h */,
				1CBB16D318CEBBF000832030 /* StressTests.m */,
			);
			path = Tests;
			sourceTree = "<group>";
		};
		1CBB16D518CEBBF000832030 /* External */ = {
			isa = PBXGroup;
			children = (
				1CBB16D618CEBBF000832030 /* GHUnit */,
				1CBB16D818CEBBF000832030 /* Reachability */,
			);
			path = External;
			sourceTree = "<group>";
		};
		1CBB16D618CEBBF000832030 /* GHUnit */ = {
			isa = PBXGroup;
			children = (
				1CBB16D718CEBBF000832030 /* README-GHUnit */,
			);
			path = GHUnit;
			sourceTree = "<group>";
		};
		1CBB16D818CEBBF000832030 /* Reachability */ = {
			isa = PBXGroup;
			children = (
				1CBB16D918CEBBF000832030 /* Reachability.h */,
				1CBB16DA18CEBBF000832030 /* Reachability.m */,
			);
			path = Reachability;
			sourceTree = "<group>";
		};
		1CBB16DB18CEBBF000832030 /* iPhone Sample */ = {
			isa = PBXGroup;
			children = (
				1CBB16DC18CEBBF000832030 /* AuthenticationViewController.h */,
				1CBB16DD18CEBBF000832030 /* AuthenticationViewController.m */,
				1CBB16DE18CEBBF000832030 /* DetailCell.h */,
				1CBB16DF18CEBBF000832030 /* DetailCell.m */,
				1CBB16E018CEBBF000832030 /* GHUnitIOSTestMain.m */,
				1CBB16E118CEBBF000832030 /* InfoCell.h */,
				1CBB16E218CEBBF000832030 /* InfoCell.m */,
				1CBB16E318CEBBF000832030 /* iPadInfo.plist */,
				1CBB16E418CEBBF000832030 /* iPadSampleAppDelegate.h */,
				1CBB16E518CEBBF000832030 /* iPadSampleAppDelegate.m */,
				1CBB16E618CEBBF000832030 /* iphone-icon.png */,
				1CBB16E718CEBBF000832030 /* iphone-tests-icon.png */,
				1CBB16E818CEBBF000832030 /* iPhone_Prefix.pch */,
				1CBB16E918CEBBF000832030 /* iPhoneInfo.plist */,
				1CBB16EA18CEBBF000832030 /* iPhoneSampleAppDelegate.h */,
				1CBB16EB18CEBBF000832030 /* iPhoneSampleAppDelegate.m */,
				1CBB16EC18CEBBF000832030 /* main.m */,
				1CBB16ED18CEBBF000832030 /* QueueViewController.h */,
				1CBB16EE18CEBBF000832030 /* QueueViewController.m */,
				1CBB16EF18CEBBF000832030 /* RequestProgressCell.h */,
				1CBB16F018CEBBF000832030 /* RequestProgressCell.m */,
				1CBB16F118CEBBF000832030 /* Resources */,
				1CBB16F718CEBBF000832030 /* RootViewController.h */,
				1CBB16F818CEBBF000832030 /* RootViewController.m */,
				1CBB16F918CEBBF000832030 /* SampleViewController.h */,
				1CBB16FA18CEBBF000832030 /* SampleViewController.m */,
				1CBB16FB18CEBBF000832030 /* SynchronousViewController.h */,
				1CBB16FC18CEBBF000832030 /* SynchronousViewController.m */,
				1CBB16FD18CEBBF000832030 /* Tests-Info.plist */,
				1CBB16FE18CEBBF000832030 /* ToggleCell.h */,
				1CBB16FF18CEBBF000832030 /* ToggleCell.m */,
				1CBB170018CEBBF000832030 /* UploadViewController.h */,
				1CBB170118CEBBF000832030 /* UploadViewController.m */,
				1CBB170218CEBBF000832030 /* WebPageViewController.h */,
				1CBB170318CEBBF000832030 /* WebPageViewController.m */,
			);
			path = "iPhone Sample";
			sourceTree = "<group>";
		};
		1CBB16F118CEBBF000832030 /* Resources */ = {
			isa = PBXGroup;
			children = (
				1CBB16F218CEBBF000832030 /* client.p12 */,
				1CBB16F318CEBBF000832030 /* info.png */,
				1CBB16F418CEBBF000832030 /* iPadMainWindow.xib */,
				1CBB16F518CEBBF000832030 /* iPhoneMainWindow.xib */,
				1CBB16F618CEBBF000832030 /* Sample.xib */,
			);
			path = Resources;
			sourceTree = "<group>";
		};
		1CBB170518CEBBF000832030 /* Products */ = {
			isa = PBXGroup;
			children = (
				1CBB171C18CEBBF100832030 /* ASIHTTPRequest iPhone.app */,
				1CBB171E18CEBBF100832030 /* Tests.app */,
				1CBB172018CEBBF100832030 /* ASIHTTPRequest iPad.app */,
			);
			name = Products;
			sourceTree = "<group>";
		};
		1CBB170818CEBBF000832030 /* Mac Sample */ = {
			isa = PBXGroup;
			children = (
				1CBB170918CEBBF000832030 /* AppDelegate.h */,
				1CBB170A18CEBBF000832030 /* AppDelegate.m */,
				1CBB170B18CEBBF000832030 /* InfoPlist.strings */,
				1CBB170D18CEBBF000832030 /* MainMenu.xib */,
				1CBB170F18CEBBF000832030 /* Info.plist */,
				1CBB171018CEBBF000832030 /* Mac_Prefix.pch */,
				1CBB171118CEBBF000832030 /* main.m */,
				1CBB171218CEBBF000832030 /* Tests-Info.plist */,
			);
			path = "Mac Sample";
			sourceTree = "<group>";
		};
		1CBB171418CEBBF000832030 /* Products */ = {
			isa = PBXGroup;
			children = (
				1CBB172418CEBBF100832030 /* Mac.app */,
				1CBB172618CEBBF100832030 /* Unit Tests (GHUnit).app */,
			);
			name = Products;
			sourceTree = "<group>";
		};
		EF5CAC271890774200E6F164 = {
			isa = PBXGroup;
			children = (
				EF5CAC391890774200E6F164 /* OPALApp */,
				EF5CAC581890774300E6F164 /* OPALAppTests */,
				EF5CAC321890774200E6F164 /* Frameworks */,
				EF5CAC311890774200E6F164 /* Products */,
				EF5CACA71890AF3000E6F164 /* Libraries */,
			);
			sourceTree = "<group>";
		};
		EF5CAC311890774200E6F164 /* Products */ = {
			isa = PBXGroup;
			children = (
				EF5CAC301890774200E6F164 /* OPALApp.app */,
				EF5CAC511890774200E6F164 /* OPALAppTests.xctest */,
			);
			name = Products;
			sourceTree = "<group>";
		};
		EF5CAC321890774200E6F164 /* Frameworks */ = {
			isa = PBXGroup;
			children = (
				1CBB167A18CEBBEF00832030 /* asi-http-request */,
				1CBB167518CEBBD800832030 /* JSONKit */,
				EF5CAC331890774200E6F164 /* Foundation.framework */,
				EF5CAC351890774200E6F164 /* CoreGraphics.framework */,
				EF5CAC371890774200E6F164 /* UIKit.framework */,
				EF5CAC521890774200E6F164 /* XCTest.framework */,
			);
			name = Frameworks;
			sourceTree = "<group>";
		};
		EF5CAC391890774200E6F164 /* OPALApp */ = {
			isa = PBXGroup;
			children = (
				EF5CACB31890B07A00E6F164 /* Defaults.plist */,
				EF5CACB51890B1AA00E6F164 /* OPConstants.h */,
				EF5CAC421890774200E6F164 /* AppDelegate.h */,
				EF5CAC431890774200E6F164 /* AppDelegate.m */,
				EF5CAC451890774200E6F164 /* Main.storyboard */,
				EF5CAC4B1890774200E6F164 /* Images.xcassets */,
				EF5CACB21890AFF100E6F164 /* Theming */,
				EF5CAC3A1890774200E6F164 /* Supporting Files */,
				EFBB056818924C0300A7D8A5 /* Controllers */,
			);
			path = OPALApp;
			sourceTree = "<group>";
		};
		EF5CAC3A1890774200E6F164 /* Supporting Files */ = {
			isa = PBXGroup;
			children = (
				EF5CAC3B1890774200E6F164 /* OPALApp-Info.plist */,
				EF5CAC3C1890774200E6F164 /* InfoPlist.strings */,
				EF5CAC3F1890774200E6F164 /* main.m */,
				EF5CAC411890774200E6F164 /* OPALApp-Prefix.pch */,
			);
			name = "Supporting Files";
			sourceTree = "<group>";
		};
		EF5CAC581890774300E6F164 /* OPALAppTests */ = {
			isa = PBXGroup;
			children = (
				EF5CAC5E1890774300E6F164 /* OPALAppTests.m */,
				EF5CAC591890774300E6F164 /* Supporting Files */,
			);
			path = OPALAppTests;
			sourceTree = "<group>";
		};
		EF5CAC591890774300E6F164 /* Supporting Files */ = {
			isa = PBXGroup;
			children = (
				EF5CAC5A1890774300E6F164 /* OPALAppTests-Info.plist */,
				EF5CAC5B1890774300E6F164 /* InfoPlist.strings */,
			);
			name = "Supporting Files";
			sourceTree = "<group>";
		};
		EF5CAC6C1890AF2700E6F164 /* FlatUIKit */ = {
			isa = PBXGroup;
			children = (
				EFE7B74D18AD67F00065A731 /* FlatUIKit.h */,
				EFE7B74E18AD67F00065A731 /* FUIAlertView.h */,
				EFE7B74F18AD67F00065A731 /* FUIAlertView.m */,
				EFE7B75018AD67F00065A731 /* FUIButton.h */,
				EFE7B75118AD67F00065A731 /* FUIButton.m */,
				EFE7B75218AD67F00065A731 /* FUICellBackgroundView.h */,
				EFE7B75318AD67F00065A731 /* FUICellBackgroundView.m */,
				EFE7B75418AD67F00065A731 /* FUIPopoverBackgroundView.h */,
				EFE7B75518AD67F00065A731 /* FUIPopoverBackgroundView.m */,
				EFE7B75618AD67F00065A731 /* FUISegmentedControl.h */,
				EFE7B75718AD67F00065A731 /* FUISegmentedControl.m */,
				EFE7B75818AD67F00065A731 /* FUISwitch.h */,
				EFE7B75918AD67F00065A731 /* FUISwitch.m */,
				EFE7B75A18AD67F00065A731 /* FUITextField.h */,
				EFE7B75B18AD67F00065A731 /* FUITextField.m */,
				EFE7B75C18AD67F00065A731 /* UIBarButtonItem+FlatUI.h */,
				EFE7B75D18AD67F00065A731 /* UIBarButtonItem+FlatUI.m */,
				EFE7B75E18AD67F00065A731 /* UIFont+FlatUI.h */,
				EFE7B75F18AD67F00065A731 /* UIFont+FlatUI.m */,
				EFE7B76018AD67F00065A731 /* UIImage+FlatUI.h */,
				EFE7B76118AD67F00065A731 /* UIImage+FlatUI.m */,
				EFE7B76218AD67F00065A731 /* UINavigationBar+FlatUI.h */,
				EFE7B76318AD67F00065A731 /* UINavigationBar+FlatUI.m */,
				EFE7B76418AD67F00065A731 /* UIPopoverController+FlatUI.h */,
				EFE7B76518AD67F00065A731 /* UIPopoverController+FlatUI.m */,
				EFE7B76618AD67F00065A731 /* UIProgressView+FlatUI.h */,
				EFE7B76718AD67F00065A731 /* UIProgressView+FlatUI.m */,
				EFE7B76818AD67F00065A731 /* UISlider+FlatUI.h */,
				EFE7B76918AD67F00065A731 /* UISlider+FlatUI.m */,
				EFE7B76A18AD67F00065A731 /* UIStepper+FlatUI.h */,
				EFE7B76B18AD67F00065A731 /* UIStepper+FlatUI.m */,
				EFE7B76C18AD67F00065A731 /* UITabBar+FlatUI.h */,
				EFE7B76D18AD67F00065A731 /* UITabBar+FlatUI.m */,
				EFE7B76E18AD67F00065A731 /* UITableViewCell+FlatUI.h */,
				EFE7B76F18AD67F00065A731 /* UITableViewCell+FlatUI.m */,
				EFE7B77018AD67F00065A731 /* UIToolbar+FlatUI.h */,
				EFE7B77118AD67F00065A731 /* UIToolbar+FlatUI.m */,
				EF5CAC7E1890AF2700E6F164 /* UIColor+FlatUI.h */,
				EF5CAC7F1890AF2700E6F164 /* UIColor+FlatUI.m */,
			);
			name = FlatUIKit;
			path = ios;
			sourceTree = "<group>";
		};
		EF5CACA71890AF3000E6F164 /* Libraries */ = {
			isa = PBXGroup;
			children = (
				EF5CAC6C1890AF2700E6F164 /* FlatUIKit */,
			);
			name = Libraries;
			path = OPALApp;
			sourceTree = "<group>";
		};
		EF5CACB21890AFF100E6F164 /* Theming */ = {
			isa = PBXGroup;
			children = (
				EF5CACA81890AFE500E6F164 /* Theme.h */,
				EF5CACA91890AFE500E6F164 /* BaseTheme.h */,
				EF5CACAA1890AFE500E6F164 /* BaseTheme.m */,
				EF5CACAB1890AFE500E6F164 /* ThemeFactory.h */,
				EF5CACAC1890AFE500E6F164 /* ThemeFactory.m */,
				EF5CACB61890B5C600E6F164 /* DefaultTheme.h */,
				EF5CACB71890B5C600E6F164 /* DefaultTheme.m */,
			);
			name = Theming;
			sourceTree = "<group>";
		};
		EFBB056818924C0300A7D8A5 /* Controllers */ = {
			isa = PBXGroup;
			children = (
				1CBB172918CEC02C00832030 /* GTMNSString+HTML.h */,
				1CBB172A18CEC05500832030 /* GTMNSString+HTML.m */,
				5CB0838C18AC08F300F36036 /* SFHFKeychainUtils.h */,
				5CB0838D18AC08F300F36036 /* SFHFKeychainUtils.m */,
				EF5CACB91890B6AD00E6F164 /* NotificationViewController.h */,
				EF5CACBA1890B6AD00E6F164 /* NotificationViewController.m */,
				EF5CACBC1890B6B900E6F164 /* WayfinderViewController.h */,
				EF5CACBD1890B6B900E6F164 /* WayfinderViewController.m */,
				EFFE3BD81891DFE700E88371 /* TriageViewController.h */,
				EFFE3BD91891DFE700E88371 /* TriageViewController.m */,
				EFE7B74C18AD61100065A731 /* PasswordHandling.h */,
				5CB0839018AC1B2B00F36036 /* PasswordHandler.h */,
				5CB0839118AC1B2B00F36036 /* PasswordHandler.m */,
			);
			name = Controllers;
			sourceTree = "<group>";
		};
/* End PBXGroup section */

/* Begin PBXNativeTarget section */
		EF5CAC2F1890774200E6F164 /* OPALApp */ = {
			isa = PBXNativeTarget;
			buildConfigurationList = EF5CAC621890774300E6F164 /* Build configuration list for PBXNativeTarget "OPALApp" */;
			buildPhases = (
				EF5CAC2C1890774200E6F164 /* Sources */,
				EF5CAC2D1890774200E6F164 /* Frameworks */,
				EF5CAC2E1890774200E6F164 /* Resources */,
			);
			buildRules = (
			);
			dependencies = (
			);
			name = OPALApp;
			productName = OPALApp;
			productReference = EF5CAC301890774200E6F164 /* OPALApp.app */;
			productType = "com.apple.product-type.application";
		};
		EF5CAC501890774200E6F164 /* OPALAppTests */ = {
			isa = PBXNativeTarget;
			buildConfigurationList = EF5CAC651890774300E6F164 /* Build configuration list for PBXNativeTarget "OPALAppTests" */;
			buildPhases = (
				EF5CAC4D1890774200E6F164 /* Sources */,
				EF5CAC4E1890774200E6F164 /* Frameworks */,
				EF5CAC4F1890774200E6F164 /* Resources */,
			);
			buildRules = (
			);
			dependencies = (
				EF5CAC571890774300E6F164 /* PBXTargetDependency */,
			);
			name = OPALAppTests;
			productName = OPALAppTests;
			productReference = EF5CAC511890774200E6F164 /* OPALAppTests.xctest */;
			productType = "com.apple.product-type.bundle.unit-test";
		};
/* End PBXNativeTarget section */

/* Begin PBXProject section */
		EF5CAC281890774200E6F164 /* Project object */ = {
			isa = PBXProject;
			attributes = {
				LastUpgradeCheck = 0500;
				ORGANIZATIONNAME = "Alexander Figueroa";
				TargetAttributes = {
					EF5CAC501890774200E6F164 = {
						TestTargetID = EF5CAC2F1890774200E6F164;
					};
				};
			};
			buildConfigurationList = EF5CAC2B1890774200E6F164 /* Build configuration list for PBXProject "OPALApp" */;
			compatibilityVersion = "Xcode 3.2";
			developmentRegion = English;
			hasScannedForEncodings = 0;
			knownRegions = (
				en,
				Base,
				English,
			);
			mainGroup = EF5CAC271890774200E6F164;
			productRefGroup = EF5CAC311890774200E6F164 /* Products */;
			projectDirPath = "";
			projectReferences = (
				{
					ProductGroup = 1CBB170518CEBBF000832030 /* Products */;
					ProjectRef = 1CBB170418CEBBF000832030 /* iPhone.xcodeproj */;
				},
				{
					ProductGroup = 1CBB171418CEBBF000832030 /* Products */;
					ProjectRef = 1CBB171318CEBBF000832030 /* Mac.xcodeproj */;
				},
			);
			projectRoot = "";
			targets = (
				EF5CAC2F1890774200E6F164 /* OPALApp */,
				EF5CAC501890774200E6F164 /* OPALAppTests */,
			);
		};
/* End PBXProject section */

/* Begin PBXReferenceProxy section */
		1CBB171C18CEBBF100832030 /* ASIHTTPRequest iPhone.app */ = {
			isa = PBXReferenceProxy;
			fileType = wrapper.application;
			path = "ASIHTTPRequest iPhone.app";
			remoteRef = 1CBB171B18CEBBF100832030 /* PBXContainerItemProxy */;
			sourceTree = BUILT_PRODUCTS_DIR;
		};
		1CBB171E18CEBBF100832030 /* Tests.app */ = {
			isa = PBXReferenceProxy;
			fileType = wrapper.application;
			path = Tests.app;
			remoteRef = 1CBB171D18CEBBF100832030 /* PBXContainerItemProxy */;
			sourceTree = BUILT_PRODUCTS_DIR;
		};
		1CBB172018CEBBF100832030 /* ASIHTTPRequest iPad.app */ = {
			isa = PBXReferenceProxy;
			fileType = wrapper.application;
			path = "ASIHTTPRequest iPad.app";
			remoteRef = 1CBB171F18CEBBF100832030 /* PBXContainerItemProxy */;
			sourceTree = BUILT_PRODUCTS_DIR;
		};
		1CBB172418CEBBF100832030 /* Mac.app */ = {
			isa = PBXReferenceProxy;
			fileType = wrapper.application;
			path = Mac.app;
			remoteRef = 1CBB172318CEBBF100832030 /* PBXContainerItemProxy */;
			sourceTree = BUILT_PRODUCTS_DIR;
		};
		1CBB172618CEBBF100832030 /* Unit Tests (GHUnit).app */ = {
			isa = PBXReferenceProxy;
			fileType = wrapper.application;
			path = "Unit Tests (GHUnit).app";
			remoteRef = 1CBB172518CEBBF100832030 /* PBXContainerItemProxy */;
			sourceTree = BUILT_PRODUCTS_DIR;
		};
/* End PBXReferenceProxy section */

/* Begin PBXResourcesBuildPhase section */
		EF5CAC2E1890774200E6F164 /* Resources */ = {
			isa = PBXResourcesBuildPhase;
			buildActionMask = 2147483647;
			files = (
				EF5CACB41890B07A00E6F164 /* Defaults.plist in Resources */,
				EF5CAC4C1890774200E6F164 /* Images.xcassets in Resources */,
				EF5CAC3E1890774200E6F164 /* InfoPlist.strings in Resources */,
				EF5CAC471890774200E6F164 /* Main.storyboard in Resources */,
			);
			runOnlyForDeploymentPostprocessing = 0;
		};
		EF5CAC4F1890774200E6F164 /* Resources */ = {
			isa = PBXResourcesBuildPhase;
			buildActionMask = 2147483647;
			files = (
				EF5CAC5D1890774300E6F164 /* InfoPlist.strings in Resources */,
			);
			runOnlyForDeploymentPostprocessing = 0;
		};
/* End PBXResourcesBuildPhase section */

/* Begin PBXSourcesBuildPhase section */
		EF5CAC2C1890774200E6F164 /* Sources */ = {
			isa = PBXSourcesBuildPhase;
			buildActionMask = 2147483647;
			files = (
				EFE7B78218AD67F00065A731 /* UITableViewCell+FlatUI.m in Sources */,
				EFE7B77818AD67F00065A731 /* FUITextField.m in Sources */,
				EF5CAC441890774200E6F164 /* AppDelegate.m in Sources */,
				EFE7B77618AD67F00065A731 /* FUISegmentedControl.m in Sources */,
				EF5CAC401890774200E6F164 /* main.m in Sources */,
				EF5CACBE1890B6B900E6F164 /* WayfinderViewController.m in Sources */,
				EFE7B77418AD67F00065A731 /* FUICellBackgroundView.m in Sources */,
				EF5CACB81890B5C600E6F164 /* DefaultTheme.m in Sources */,
				EF5CACAF1890AFE500E6F164 /* BaseTheme.m in Sources */,
				EFE7B77E18AD67F00065A731 /* UIProgressView+FlatUI.m in Sources */,
				EFE7B77918AD67F00065A731 /* UIBarButtonItem+FlatUI.m in Sources */,
				EFFE3BDA1891DFE700E88371 /* TriageViewController.m in Sources */,
				EFE7B78118AD67F00065A731 /* UITabBar+FlatUI.m in Sources */,
				5CB0838F18AC08F300F36036 /* SFHFKeychainUtils.m in Sources */,
				EFE7B78018AD67F00065A731 /* UIStepper+FlatUI.m in Sources */,
				EF5CAC9C1890AF2700E6F164 /* UIColor+FlatUI.m in Sources */,
				EFE7B77218AD67F00065A731 /* FUIAlertView.m in Sources */,
				1CBB172B18CEC05500832030 /* GTMNSString+HTML.m in Sources */,
				5CB0839218AC1B2B00F36036 /* PasswordHandler.m in Sources */,
				EFE7B77D18AD67F00065A731 /* UIPopoverController+FlatUI.m in Sources */,
				EFE7B77718AD67F00065A731 /* FUISwitch.m in Sources */,
				EFE7B77B18AD67F00065A731 /* UIImage+FlatUI.m in Sources */,
				EF5CACBB1890B6AD00E6F164 /* NotificationViewController.m in Sources */,
				EFE7B77F18AD67F00065A731 /* UISlider+FlatUI.m in Sources */,
				EFE7B77518AD67F00065A731 /* FUIPopoverBackgroundView.m in Sources */,
				EFE7B77C18AD67F00065A731 /* UINavigationBar+FlatUI.m in Sources */,
				EFE7B77318AD67F00065A731 /* FUIButton.m in Sources */,
				EF5CACB01890AFE500E6F164 /* ThemeFactory.m in Sources */,
				EFE7B78318AD67F00065A731 /* UIToolbar+FlatUI.m in Sources */,
				EFE7B77A18AD67F00065A731 /* UIFont+FlatUI.m in Sources */,
			);
			runOnlyForDeploymentPostprocessing = 0;
		};
		EF5CAC4D1890774200E6F164 /* Sources */ = {
			isa = PBXSourcesBuildPhase;
			buildActionMask = 2147483647;
			files = (
				EF5CAC5F1890774300E6F164 /* OPALAppTests.m in Sources */,
			);
			runOnlyForDeploymentPostprocessing = 0;
		};
/* End PBXSourcesBuildPhase section */

/* Begin PBXTargetDependency section */
		EF5CAC571890774300E6F164 /* PBXTargetDependency */ = {
			isa = PBXTargetDependency;
			target = EF5CAC2F1890774200E6F164 /* OPALApp */;
			targetProxy = EF5CAC561890774300E6F164 /* PBXContainerItemProxy */;
		};
/* End PBXTargetDependency section */

/* Begin PBXVariantGroup section */
		1CBB170B18CEBBF000832030 /* InfoPlist.strings */ = {
			isa = PBXVariantGroup;
			children = (
				1CBB170C18CEBBF000832030 /* English */,
			);
			name = InfoPlist.strings;
			sourceTree = "<group>";
		};
		1CBB170D18CEBBF000832030 /* MainMenu.xib */ = {
			isa = PBXVariantGroup;
			children = (
				1CBB170E18CEBBF000832030 /* English */,
			);
			name = MainMenu.xib;
			sourceTree = "<group>";
		};
		EF5CAC3C1890774200E6F164 /* InfoPlist.strings */ = {
			isa = PBXVariantGroup;
			children = (
				EF5CAC3D1890774200E6F164 /* en */,
			);
			name = InfoPlist.strings;
			sourceTree = "<group>";
		};
		EF5CAC451890774200E6F164 /* Main.storyboard */ = {
			isa = PBXVariantGroup;
			children = (
				EF5CAC461890774200E6F164 /* Base */,
			);
			name = Main.storyboard;
			sourceTree = "<group>";
		};
		EF5CAC5B1890774300E6F164 /* InfoPlist.strings */ = {
			isa = PBXVariantGroup;
			children = (
				EF5CAC5C1890774300E6F164 /* en */,
			);
			name = InfoPlist.strings;
			sourceTree = "<group>";
		};
/* End PBXVariantGroup section */

/* Begin XCBuildConfiguration section */
		EF5CAC601890774300E6F164 /* Debug */ = {
			isa = XCBuildConfiguration;
			buildSettings = {
				ALWAYS_SEARCH_USER_PATHS = NO;
				ARCHS = "$(ARCHS_STANDARD_INCLUDING_64_BIT)";
				CLANG_CXX_LANGUAGE_STANDARD = "gnu++0x";
				CLANG_CXX_LIBRARY = "libc++";
				CLANG_ENABLE_MODULES = YES;
				CLANG_ENABLE_OBJC_ARC = YES;
				CLANG_WARN_BOOL_CONVERSION = YES;
				CLANG_WARN_CONSTANT_CONVERSION = YES;
				CLANG_WARN_DIRECT_OBJC_ISA_USAGE = YES_ERROR;
				CLANG_WARN_EMPTY_BODY = YES;
				CLANG_WARN_ENUM_CONVERSION = YES;
				CLANG_WARN_INT_CONVERSION = YES;
				CLANG_WARN_OBJC_ROOT_CLASS = YES_ERROR;
				CLANG_WARN__DUPLICATE_METHOD_MATCH = YES;
				"CODE_SIGN_IDENTITY[sdk=iphoneos*]" = "iPhone Developer";
				COPY_PHASE_STRIP = NO;
				GCC_C_LANGUAGE_STANDARD = gnu99;
				GCC_DYNAMIC_NO_PIC = NO;
				GCC_OPTIMIZATION_LEVEL = 0;
				GCC_PREPROCESSOR_DEFINITIONS = (
					"DEBUG=1",
					"$(inherited)",
				);
				GCC_SYMBOLS_PRIVATE_EXTERN = NO;
				GCC_WARN_64_TO_32_BIT_CONVERSION = YES;
				GCC_WARN_ABOUT_RETURN_TYPE = YES_ERROR;
				GCC_WARN_UNDECLARED_SELECTOR = YES;
				GCC_WARN_UNINITIALIZED_AUTOS = YES;
				GCC_WARN_UNUSED_FUNCTION = YES;
				GCC_WARN_UNUSED_VARIABLE = YES;
				IPHONEOS_DEPLOYMENT_TARGET = 7.0;
				ONLY_ACTIVE_ARCH = YES;
				SDKROOT = iphoneos;
			};
			name = Debug;
		};
		EF5CAC611890774300E6F164 /* Release */ = {
			isa = XCBuildConfiguration;
			buildSettings = {
				ALWAYS_SEARCH_USER_PATHS = NO;
				ARCHS = "$(ARCHS_STANDARD_INCLUDING_64_BIT)";
				CLANG_CXX_LANGUAGE_STANDARD = "gnu++0x";
				CLANG_CXX_LIBRARY = "libc++";
				CLANG_ENABLE_MODULES = YES;
				CLANG_ENABLE_OBJC_ARC = YES;
				CLANG_WARN_BOOL_CONVERSION = YES;
				CLANG_WARN_CONSTANT_CONVERSION = YES;
				CLANG_WARN_DIRECT_OBJC_ISA_USAGE = YES_ERROR;
				CLANG_WARN_EMPTY_BODY = YES;
				CLANG_WARN_ENUM_CONVERSION = YES;
				CLANG_WARN_INT_CONVERSION = YES;
				CLANG_WARN_OBJC_ROOT_CLASS = YES_ERROR;
				CLANG_WARN__DUPLICATE_METHOD_MATCH = YES;
				"CODE_SIGN_IDENTITY[sdk=iphoneos*]" = "iPhone Developer";
				COPY_PHASE_STRIP = YES;
				ENABLE_NS_ASSERTIONS = NO;
				GCC_C_LANGUAGE_STANDARD = gnu99;
				GCC_WARN_64_TO_32_BIT_CONVERSION = YES;
				GCC_WARN_ABOUT_RETURN_TYPE = YES_ERROR;
				GCC_WARN_UNDECLARED_SELECTOR = YES;
				GCC_WARN_UNINITIALIZED_AUTOS = YES;
				GCC_WARN_UNUSED_FUNCTION = YES;
				GCC_WARN_UNUSED_VARIABLE = YES;
				IPHONEOS_DEPLOYMENT_TARGET = 7.0;
				SDKROOT = iphoneos;
				VALIDATE_PRODUCT = YES;
			};
			name = Release;
		};
		EF5CAC631890774300E6F164 /* Debug */ = {
			isa = XCBuildConfiguration;
			buildSettings = {
				ASSETCATALOG_COMPILER_APPICON_NAME = AppIcon;
				ASSETCATALOG_COMPILER_LAUNCHIMAGE_NAME = LaunchImage;
				FRAMEWORK_SEARCH_PATHS = (
					"$(inherited)",
					/Users/Ridaaaaaaa/Downloads,
				);
				GCC_PRECOMPILE_PREFIX_HEADER = YES;
				GCC_PREFIX_HEADER = "OPALApp/OPALApp-Prefix.pch";
				INFOPLIST_FILE = "OPALApp/OPALApp-Info.plist";
				PRODUCT_NAME = "$(TARGET_NAME)";
				WRAPPER_EXTENSION = app;
			};
			name = Debug;
		};
		EF5CAC641890774300E6F164 /* Release */ = {
			isa = XCBuildConfiguration;
			buildSettings = {
				ASSETCATALOG_COMPILER_APPICON_NAME = AppIcon;
				ASSETCATALOG_COMPILER_LAUNCHIMAGE_NAME = LaunchImage;
				FRAMEWORK_SEARCH_PATHS = (
					"$(inherited)",
					/Users/Ridaaaaaaa/Downloads,
				);
				GCC_PRECOMPILE_PREFIX_HEADER = YES;
				GCC_PREFIX_HEADER = "OPALApp/OPALApp-Prefix.pch";
				INFOPLIST_FILE = "OPALApp/OPALApp-Info.plist";
				PRODUCT_NAME = "$(TARGET_NAME)";
				WRAPPER_EXTENSION = app;
			};
			name = Release;
		};
		EF5CAC661890774300E6F164 /* Debug */ = {
			isa = XCBuildConfiguration;
			buildSettings = {
				ARCHS = "$(ARCHS_STANDARD_INCLUDING_64_BIT)";
				BUNDLE_LOADER = "$(BUILT_PRODUCTS_DIR)/OPALApp.app/OPALApp";
				FRAMEWORK_SEARCH_PATHS = (
					"$(SDKROOT)/Developer/Library/Frameworks",
					"$(inherited)",
					"$(DEVELOPER_FRAMEWORKS_DIR)",
				);
				GCC_PRECOMPILE_PREFIX_HEADER = YES;
				GCC_PREFIX_HEADER = "OPALApp/OPALApp-Prefix.pch";
				GCC_PREPROCESSOR_DEFINITIONS = (
					"DEBUG=1",
					"$(inherited)",
				);
				INFOPLIST_FILE = "OPALAppTests/OPALAppTests-Info.plist";
				PRODUCT_NAME = "$(TARGET_NAME)";
				TEST_HOST = "$(BUNDLE_LOADER)";
				WRAPPER_EXTENSION = xctest;
			};
			name = Debug;
		};
		EF5CAC671890774300E6F164 /* Release */ = {
			isa = XCBuildConfiguration;
			buildSettings = {
				ARCHS = "$(ARCHS_STANDARD_INCLUDING_64_BIT)";
				BUNDLE_LOADER = "$(BUILT_PRODUCTS_DIR)/OPALApp.app/OPALApp";
				FRAMEWORK_SEARCH_PATHS = (
					"$(SDKROOT)/Developer/Library/Frameworks",
					"$(inherited)",
					"$(DEVELOPER_FRAMEWORKS_DIR)",
				);
				GCC_PRECOMPILE_PREFIX_HEADER = YES;
				GCC_PREFIX_HEADER = "OPALApp/OPALApp-Prefix.pch";
				INFOPLIST_FILE = "OPALAppTests/OPALAppTests-Info.plist";
				PRODUCT_NAME = "$(TARGET_NAME)";
				TEST_HOST = "$(BUNDLE_LOADER)";
				WRAPPER_EXTENSION = xctest;
			};
			name = Release;
		};
/* End XCBuildConfiguration section */

/* Begin XCConfigurationList section */
		EF5CAC2B1890774200E6F164 /* Build configuration list for PBXProject "OPALApp" */ = {
			isa = XCConfigurationList;
			buildConfigurations = (
				EF5CAC601890774300E6F164 /* Debug */,
				EF5CAC611890774300E6F164 /* Release */,
			);
			defaultConfigurationIsVisible = 0;
			defaultConfigurationName = Release;
		};
		EF5CAC621890774300E6F164 /* Build configuration list for PBXNativeTarget "OPALApp" */ = {
			isa = XCConfigurationList;
			buildConfigurations = (
				EF5CAC631890774300E6F164 /* Debug */,
				EF5CAC641890774300E6F164 /* Release */,
			);
			defaultConfigurationIsVisible = 0;
			defaultConfigurationName = Release;
		};
		EF5CAC651890774300E6F164 /* Build configuration list for PBXNativeTarget "OPALAppTests" */ = {
			isa = XCConfigurationList;
			buildConfigurations = (
				EF5CAC661890774300E6F164 /* Debug */,
				EF5CAC671890774300E6F164 /* Release */,
			);
			defaultConfigurationIsVisible = 0;
			defaultConfigurationName = Release;
		};
/* End XCConfigurationList section */
	};
	rootObject = EF5CAC281890774200E6F164 /* Project object */;
}
